{
  "id": "jrpg-demo",
  "upstreams": [
    {
      "repo": "https://github.com/godotengine/godot-demo-projects",
      "commit": "3e08537616661a5883831628decab4c526260289",
      "branch": "master",
      "upstream_path": "2d/role_playing_game",
      "license": "MIT",
      "license_file": "LICENSE.md",
      "retrieved": "2026-09-28",
      "vendored_into": ".",
      "vendored_paths": [
        "2d/role_playing_game",
        "LICENSE.md"
      ],
      "note": "JRPG Demo (2d/role_playing_game in godot-demo-projects), a Godot 4 analysis fixture. WHY THIS PIN: `master` head of godotengine/godot-demo-projects at retrieval (3e085376, committed 2026-09-29 00:43 +0200), the living Godot 4 demo set; project.godot reads config_version=5, config/features \"4.7\". Taken from a sparse, blobless clone of that single commit. ID: config/name \"JRPG Demo\" kebab-cased; no collision. LICENSE: `2d/role_playing_game/` carries no license file of its own, so the repository-root LICENSE.md (verbatim MIT, Godot Engine contributors / Linietsky, Manzur) is vendored at the fixture root and is the `license_file`. The demo README carries no third-party terms. SECURITY (static read, nothing executed): no @tool script, no EditorPlugin, no OS.execute/create_process/shell_open, no network API (HTTPRequest/HTTPClient/TCP/UDP/WebSocket/ENet/WebRTC/JavaScriptBridge), no GDScript.new/set_source_code/Expression, no .gdextension/.gdnlib, no native blob (file(1) over every file: no Mach-O/ELF/PE), no C#. One built-in script: combat/combat.tscn embeds a [sub_resource type=\"GDScript\"] whose static source is a 4-line add_combatant() that offsets and adds a child; benign, and relevant to the analyzer as an inline script. Cloned 2026-09-28 with `git -c core.hooksPath=/dev/null clone --depth 1`, no submodules; bytes vendored from `git cat-file blob` at the pin and re-read from disk, 0 mismatches. File modes are not carried (all staged 0644).",
      "excluded_from_upstream": {
        "rule": "The whole `2d/role_playing_game/` tree is vendored at the fixture root, plus the repository-root LICENSE.md. Excluded are the repository-root files outside every demo (listed); the other demo directories of the repository are out of scope, not exclusions.",
        "why": "Nothing inside the Godot project is dropped unless listed; no `.godot/` cache, native binary, .gdextension or C# file is tracked in this demo. Exclusions:\n- repository-root tooling and docs outside the Godot project (.clang-format, .editorconfig, .gitattributes, .gitignore, .lycheeignore, CONTRIBUTING.md, README.md, file_format.sh); the root README's License section only restates LICENSE.md, which is vendored (8 files, 6,581 bytes)\n- repository chrome outside the Godot project: .github/ (CI workflows, web-export dist, issue templates, CODEOWNERS, dependabot) (12 files, 19,819 bytes)",
        "file_count": 20,
        "bytes": 26400,
        "paths": [
          ".clang-format",
          ".editorconfig",
          ".gitattributes",
          ".github/CODEOWNERS",
          ".github/ISSUE_TEMPLATE/bug-report.md",
          ".github/ISSUE_TEMPLATE/feature---enhancement-request.md",
          ".github/PULL_REQUEST_TEMPLATE.md",
          ".github/dependabot.yml",
          ".github/dist/.nojekyll",
          ".github/dist/export_presets.cfg",
          ".github/dist/footer.html",
          ".github/dist/header.html",
          ".github/workflows/check_urls.yml",
          ".github/workflows/export_web.yml",
          ".github/workflows/static_checks.yml",
          ".gitignore",
          ".lycheeignore",
          "CONTRIBUTING.md",
          "README.md",
          "file_format.sh"
        ]
      }
    }
  ],
  "vendored_file_count": 167,
  "vendored_bytes": 701813,
  "sha256_manifest": {
    "LICENSE.md": "0339177149b474f7ff676d32218ecb3a8f2538955610023c3769763720d09e4c",
    "README.md": "bdd59c5a0df44e9555fefbcf9c07d13d3f14d6b4fad085c24bb53fb20bb3354b",
    "combat/background/arena.png": "c2cb07438556263c526b623106cc51e1d4d8b5522f9d936219cc4c128fe3101e",
    "combat/background/arena.png.import": "d7a765fe3298cca0c32f1dc0811777a7eaea8ca4f44a698dbc9d057cae0ca4f3",
    "combat/background/combat_background.png": "b02ce6a50e27b6c76a6a267378226a5fcf49baab8f84379f6e2952c0aac4408c",
    "combat/background/combat_background.png.import": "767154f29b88df2450471cd891a8e367d740aa83fcc1cf6bcf0e9a51fe8416ad",
    "combat/background/combat_shadow.png": "ca06cbcae286a7ceacf2cfe27eff1e60f0d46a1fd8de1f10673c19d408d92c12",
    "combat/background/combat_shadow.png.import": "efc6e86abe893a868abae395c05b308066f4f60a6cba8047b7bc61a9d27a700d",
    "combat/combat.gd": "72a4cb11e00f508292f9f8961266a3f23bf5d3c86bcf95d11ed5b2d119dc733c",
    "combat/combat.gd.uid": "f62c230906fac24ed9be68d96bb10914a5ef0d3e91ad9c6c7b04c7c3fe526060",
    "combat/combat.tscn": "28374c3b5553b52ee68d78a28d8700f4258fd86c29e6f013521c2254b183252c",
    "combat/combatants/combatant.gd": "da5e375ba8f89dc75f677416ed774abb27010123f84c477daa6da3a8c3cbf06f",
    "combat/combatants/combatant.gd.uid": "071216d795868170f7cbc0dbdd52c8a2931cb9e0a1af3a87e6fa60d13df5c2f3",
    "combat/combatants/combatant.tscn": "6c92718f8f6b73e5a038409d19757e9142988963ecbd21054ca9dcfc533b3fc0",
    "combat/combatants/health.gd": "78c0618fafc05ee62d9d4f5818aff1254338e2a0248959b4c92ee8ee92647f8e",
    "combat/combatants/health.gd.uid": "0ee92e7e09458c542ad1810a1d9c61ac7f84243360d02e929f2c1858a8c27026",
    "combat/combatants/health/health.tscn": "78509eb6929abcc68045bc0941958eae8311a2f7e218d8182704edb70671a01a",
    "combat/combatants/opponent.gd": "fdefd9817d754ab20a37ac1be9e9fdf2f3e9cbd9b997430fe66ca1d941588e34",
    "combat/combatants/opponent.gd.uid": "df52f339e1a46e42dc2978c591f06917ada74c79addbbbc5bb2ed0b6c268274d",
    "combat/combatants/opponent.tscn": "32eee6ddab22c16f363ae6154fdbebd56322da64c9aedca58f5c8ee1daf4758b",
    "combat/combatants/player.tscn": "dfc8eaf8ac95e57059f6abbc07706ddad4570c256095f78c6d9acc1f2a145341",
    "combat/combatants/sprites/blue.png": "44d676553286f0f50c5800ed06d16d9f33c95112a9ca03122a40f1de15b2dd1a",
    "combat/combatants/sprites/blue.png.import": "99ed356b7815cda8b51adccb4bf670280f467ab4a8a16c5d26ccdac3fefc7b8b",
    "combat/combatants/sprites/green.png": "b15df6c33027297fb20563b6e8f86597c3bdf1898e2f9f40cc411679c72ab864",
    "combat/combatants/sprites/green.png.import": "74affbdb907ff55bb7a2d0d306be46c6724df42f6bd9e280346a9ad621a20e93",
    "combat/combatants/sprites/opponent_battle.png": "b6dbf87039327ad693ae7aba4a6a4bd2eb2edd76adfb3fe905d2e290e2bed485",
    "combat/combatants/sprites/opponent_battle.png.import": "4ad76c71003faf257a12b4a23469f29c7780909380c82f87762474ac5d2bda81",
    "combat/combatants/sprites/opponent_surprised.png": "673ac020f110be0e3babf273676a87b239a40ba0110da15cc4b4f7221c4c7447",
    "combat/combatants/sprites/opponent_surprised.png.import": "374f56c5a3e383b8500c0f2c53615c3c45338d00fd03876b63f7c95a789fbe7a",
    "combat/combatants/sprites/player_battle.png": "36c4120dacfdf71d6511e9d62066225fbafc4607e021f2a0f23893b09a0479e6",
    "combat/combatants/sprites/player_battle.png.import": "7096a659b289e4141c7a869777a36cb60e1ba70ffa59d37570d5f2e464d2c5b0",
    "combat/combatants/sprites/player_surprised.png": "75fe31dd9159ad8a7454f9bbc93fca11d469bcb342687fb8b41850c68d400be7",
    "combat/combatants/sprites/player_surprised.png.import": "4081f3f96714907050bf45a4893d29c04d8e7cda164b0bfad1da7a79c97e420d",
    "combat/combatants/sprites/shadow.png": "5f28057344ea86e09eb590fb272d5e945cfd01502b77d18f26426b4619e22c7b",
    "combat/combatants/sprites/shadow.png.import": "64ecc8c06728d8928b51b691f92f7665ba501a3309d6f12a0db732ce2adb372e",
    "combat/combatants/sprites/sprite.tscn": "f3063c210d06de770131d7bd8213fd4c340df1d7ea92911137e80ed0694a4af5",
    "combat/interface/info.tscn": "6eaa8c35cb719cc099095d0b480b57a64f71037708602e1a09b96f68558eca12",
    "combat/interface/ui.gd": "d1d417077ce2be12efac235094bc01a032cfb7661d7e3a64a8570eb0db60ff50",
    "combat/interface/ui.gd.uid": "2cfaf6c9ed44d0070c82fcb07ed18cf6d3bb320de1e8e3dc0138dadd5f91bc5e",
    "combat/turn_queue.gd": "ec487ae58c4aa63aec9dcf587dbdd3ef06ba9535d10d0d8912da6dd4932a27de",
    "combat/turn_queue.gd.uid": "4493182a2f22e546ea29c26f42aea25ce394781bb4f0b3e2f699df551a6659d8",
    "decoration/bush.png": "79b7d66b5fb903b15b4f04f068089b59887b0313e514dc0dae8f8e2aff054eea",
    "decoration/bush.png.import": "6ba83e419bd7a3e693b8f45825520feedec787a4ee4e1df58a60b8152912f589",
    "decoration/flower.png": "c9726bfcb861584eeb89235367bca7e8c74f74e7560eb68f2105168c45604c52",
    "decoration/flower.png.import": "c92d3ec4beac2e3c69369505a8d2885de12d1564d8c6fd68210c232d48f53fc3",
    "decoration/flower_upperlevel.png": "9f8c5f154b661688f6b948b92f835dc0456e81b1f6b4975ee76291b56c160f2b",
    "decoration/flower_upperlevel.png.import": "9258a395d2b9ee960446aebf56d9f33a1106b0def84f46fd724cd31dfa52df93",
    "decoration/flower_variant.png": "6e9a290712e22430dd4ece810742291b8970d0eaa26f573fa38260c40ba9198c",
    "decoration/flower_variant.png.import": "9c81b5a5ab474f9b75dba6b969b156ac177a82414e3726caacafd1069e83bc15",
    "decoration/flower_variant_upperlevel.png": "bd3b0e30688ba2db75fb0a250d8e6420a18d10cc07e07fbf4c20bd32367d11d2",
    "decoration/flower_variant_upperlevel.png.import": "ec25846465f85f8a86b6631a98854c60901d5ccfa26c2373345fd1ef9e13d12a",
    "decoration/grass.png": "5bc3031fed8134636066e27449554fb7b491a26a113c51adacb40cbc14d5ae74",
    "decoration/grass.png.import": "5fa36c28116f7191a23659cf88e7ddd999103dd994c2452cc1d77870b18ef0ed",
    "decoration/grass_upperlevel.png": "3bd414948653794d223070cb74012b66529d812d8c88dd547b0c17e70301808a",
    "decoration/grass_upperlevel.png.import": "c2cbe9ba38dfc3f22c97daf76e1f5388e13f3c87b3d2f079b0328fc1e76bf225",
    "decoration/grass_variant.png": "0b74439bd9b9ef9a74b16ce13512f4b0cc597478248a2a21bba6d6fdb66589fd",
    "decoration/grass_variant.png.import": "690e040c5dd77eea83e7efc01668fd81b81685e7aecc015f97d63d19c94f6e70",
    "decoration/grass_variant_upperlevel.png": "ca8f74d412522fc6008305de7dfcb44fc03f64a37f78232be2d56d0afe3a4894",
    "decoration/grass_variant_upperlevel.png.import": "fd56e6ba80818dc121f66c892e2f6385e3c7e082d0eb41e42af9b24cadcb0ecd",
    "decoration/pebble.png": "eeca9e2946c9786f24f29fe2f10b0c6560219562b067824237d2efd222750435",
    "decoration/pebble.png.import": "7c78a008f606fce1196f3c74ab65d3f92411d09759d02977169544fc2ec7bc49",
    "decoration/pebble_variant.png": "51c576e66e92fb01a2c86063009824c43adf32ee2555ee113e308a9031cc1b37",
    "decoration/pebble_variant.png.import": "9659d042da0d10d414d840675c4594765b7b13de4e1eb86da297c5d407c974d0",
    "decoration/wind_sway.tres": "795663c6c0b4c3d16962ca4f7cf42b97f4801e4bcf8783e9c989da12951bddf3",
    "dialogue/dialogue_data/npc.json": "6ef7d7fb58de41329889a2d0085cc2321e80c8397a593a61d93455c92cdf3079",
    "dialogue/dialogue_data/object.json": "2878e799635faa792602ff4a89c3473726dcaa6d14e9cc9f0330b3d42564013a",
    "dialogue/dialogue_data/player_lose.json": "3e7fb162fb2d756602bf2b1b2981a2233110bcb2d72d9483a612d196a0bf1b5a",
    "dialogue/dialogue_data/player_won.json": "9cca49f7beb9accf03f14361a5f6af4320c9a240e9b3da89a9d919a052c1862b",
    "dialogue/dialogue_player/dialogue_player.gd": "92444173ebddcb7a3d8d26b368f1ca5594f2a37f81298cd6dd60801fec14f98b",
    "dialogue/dialogue_player/dialogue_player.gd.uid": "8e47e5c26ae40fdbadd5355491cb6b306ae532a9f232f12acb70b039e1aec0a4",
    "dialogue/dialogue_player/dialogue_player.tscn": "b4b2e3152b9358cde340f0b64f9fadfdb735a1607a54e61172db4c631ebeeeb6",
    "dialogue/interface/interface.gd": "6bdf4ea1d407b8ad9de7e50cbaf605b7d5ecac623588f0dbdaf8a1cdfb0da251",
    "dialogue/interface/interface.gd.uid": "5915999792c03c8801fc964528c4784d1fecd7f5f61fd414903f0d4018c3c1b4",
    "dialogue/interface/interface.tscn": "5238763337cd00a28e9a9b20793eba5bab6e5e2e22f83b48bddb39cb7dafcfc9",
    "game.gd": "f073a09ed86e8cc87e4a346c7607df94f0a89a7565bf28257fe2b5a20c4d14fa",
    "game.gd.uid": "0704ba20de2372cef803d0db84767d6de6cafcadd4191966086768cb56cc55e0",
    "game.tscn": "d7c14d26b1d9b74d8d0c254e1d1ffbed3c03676bba7dd3ed0e323e3e3236a415",
    "grid_movement/exploration.tscn": "be71fc1b5aecda707c20f534b4b932b512041e079f20386708c9f2a75f63b98b",
    "grid_movement/grid/grid.gd": "333eaa1c1e1066388e69da4d0817a1c6027641563ff4801d81303480280d9d9a",
    "grid_movement/grid/grid.gd.uid": "ae7772e68ac46920958bbf7e1980571dbcf0bf4839d8805371ca2ca6193e15fd",
    "grid_movement/grid/lines/grid_lines.png": "d09ebc36761478b349f6b6ec033f97d86e41e252ed16acc0d082e417b3f9b9d9",
    "grid_movement/grid/lines/grid_lines.png.import": "1b10de7a5873603b78b0c708472cbc06109941b777830e6a452ec10381676753",
    "grid_movement/grid/lines/grid_lines_tileset.tres": "dbc2329e6c8b15db0300f3067cfceaf160cd21b452db26c42fd41b0e1cc18c3f",
    "grid_movement/grid/tiles/actor.png": "e5f9b27fcdfa43e457c3958f86fc6925e0aa206c861469064a99c7c5d562b901",
    "grid_movement/grid/tiles/actor.png.import": "0bbdf8046bade24490199c6ea0ce07bc7148335eace9b2c67a229201c246fa6b",
    "grid_movement/grid/tiles/grid_tileset.tres": "0f14c88e758892fedf4b5c42a8f3ed94c41e011720730bf4d584bfadac5543bd",
    "grid_movement/grid/tiles/ground_grass.png": "2773224a6c18edf19ce7a76f4de85b0706112e7007246bc2532cedca431b5341",
    "grid_movement/grid/tiles/ground_grass.png.import": "b7ea2d2e0bc2cdc20aa55614d7feba63908438528d49108f02f9fb8f4e40ad0d",
    "grid_movement/grid/tiles/ground_tileset.tres": "b1f37d35d3705ff1334b98273a97c2f5923d6f1d1d079b5d6f800efb6d5c6bc1",
    "grid_movement/grid/tiles/object.png": "35066f4bc8ac2a2c0eac11c8f3f5118177068dbb30bdc293b798bcdb27588dd9",
    "grid_movement/grid/tiles/object.png.import": "31a37c16aceac561560503095a5a306bf7c734f00ab1f01480ada5508794600a",
    "grid_movement/grid/tiles/obstacle.png": "d45e2b709a9e755ae06eef09e5a1e1a13c1c949740607817c4e81ca16d86f479",
    "grid_movement/grid/tiles/obstacle.png.import": "3b4b9c74136f77bee901cdfab6ed8674f6479e587910be7885ad7025a1519818",
    "grid_movement/grid/tiles/obstacle_corner.png": "f9b19c19df03567639cb328e3516b0601e33b2fa6c5b5ff4f494fa51b46e9dd4",
    "grid_movement/grid/tiles/obstacle_corner.png.import": "0218642a3ce0089c54ef48f81d8239fc9b61d060f5b59aaae9d5674599e2e8b3",
    "grid_movement/grid/tiles/obstacle_corner_inward.png": "fb56635d020994a7b50a58faa3c86467b46ff66b84ed79fb7a3de04d9c376fdd",
    "grid_movement/grid/tiles/obstacle_corner_inward.png.import": "408235e6387cc6685a5760898b412a03efac024551137ea1e141441e505f9a1d",
    "grid_movement/grid/tiles/obstacle_corner_outward.png": "5724eb1b5713ad5df98162c389626cfbbf2dcfcae6bb7298850b739b1e2e880e",
    "grid_movement/grid/tiles/obstacle_corner_outward.png.import": "d09138187da63cdee19353983d7fbc0cae2d4e38e3ada9f83a8b95ef5a6c015c",
    "grid_movement/grid/tiles/obstacle_edge.png": "5ef3fac12d4eb7bb83dcb449fa139b8916a7cbb816b7b17eeb9bae71dd8d4905",
    "grid_movement/grid/tiles/obstacle_edge.png.import": "ae27922d6f6948f4bcb245153b864237906fe308d79da8f30d9cb5f643325ddf",
    "grid_movement/grid/tiles/obstacle_grass.png": "a81468dfe4039e311a3306716d6176ef605416a3a558eb6c72f961e5e4fefe0b",
    "grid_movement/grid/tiles/obstacle_grass.png.import": "50fe38af88f5f232f142ff3bf37b89638bff3026b1f65fe517895a579087e351",
    "grid_movement/grid/tiles/obstacle_wall.png": "83dc07e81a04f92ffac486ddd3f348d3d54efc0039926b6391febae3ee4f51d6",
    "grid_movement/grid/tiles/obstacle_wall.png.import": "3801614bb5722bb25f4f228963c9de80b240bda4c939b867b7c771dcc04ac645",
    "grid_movement/grid/tiles/obstacle_wall_corner.png": "4d93f56067ba3a818e4d5da1d1df815d89c6d6e87aefc8d96a66a663a07e6d32",
    "grid_movement/grid/tiles/obstacle_wall_corner.png.import": "1e811f6eba4154e25aceda655ffd53aea6f295db92129003fcb5730a49c285ef",
    "grid_movement/grid/tiles/path_center.png": "23d8fa594199a19cd70eefd4da96a13f649f56d93ed7754624b37ac1c3020057",
    "grid_movement/grid/tiles/path_center.png.import": "9e7437bedb0d1b0030226a156c120e1e95da11015ad5bf5c63b3a6cd246fb6e8",
    "grid_movement/grid/tiles/path_corner_noise_1.png": "0f1d72c97a89e85bfa133842ab000de4d69e6c03303e8edc51e9712d3271bf41",
    "grid_movement/grid/tiles/path_corner_noise_1.png.import": "2df28f654b20ceb2a5ba609dead721a2939e0dc8a824b17b235b5977d023edba",
    "grid_movement/grid/tiles/path_edge.png": "bd6b6e1df2ebb0544416ace7d746a1687b31159e7ecbda3acb238f5f9b60cfe0",
    "grid_movement/grid/tiles/path_edge.png.import": "681859382423df9f0b5459dbd98c744b2d889e1ec9bc169e9b10922037eb8016",
    "grid_movement/grid/tiles/path_edge_noise_1.png": "bd718c395fcb3fc06498ec73565ab66823ba277af5dfb3079c47fdb052622312",
    "grid_movement/grid/tiles/path_edge_noise_1.png.import": "c5cd934f1bc1c867e132cd40614bdd290b5f6ca2f810b771f9dd4f4cb604b816",
    "grid_movement/grid/tiles/pathways.tres": "b7956cde06437887c71b1fa480f853b250bec3bacb745eb23705ded465a37348",
    "grid_movement/grid/tiles/rock.png": "17286b0f710e40635d105bc090407710f0f804e68e9fc8b0e4ee31a72d3e873c",
    "grid_movement/grid/tiles/rock.png.import": "7b43264c60bb81ec79f5625ba82db8951f226a18abeb9b817d1a4c11afb527ed",
    "grid_movement/pawns/anim_opponent.tres": "b8f8ee6c01b4e721c49ee3d4937555d09c52a58957c5c16ff58f880818b4839f",
    "grid_movement/pawns/anim_player.tres": "7f5c23289f9f12c367f60166631d8aa8d84ec6c785e039ebbf62d831f60035a8",
    "grid_movement/pawns/character.png": "2a31120b25fb62d9986c82056cb7290498a3b2ba99ff4b9a7cbcb070e4ae875b",
    "grid_movement/pawns/character.png.import": "af8c5bfd22d1dd77073b769638cdd13575286c74bcd899951d6441f200e10d0e",
    "grid_movement/pawns/character.tscn": "5a7ca08bbadededbd1279a840b23cc75ed621d83e54900c9ad3dce3a32e36e4d",
    "grid_movement/pawns/opponent.gd": "b046a081b043a775e8ef6ab0a0ab77f911f66e080da441491aeca418f08abee4",
    "grid_movement/pawns/opponent.gd.uid": "84c9bed5413e06cf8ec8b43bf1b0f77fa8ca80478ce3805ddf5d7c77611f8723",
    "grid_movement/pawns/opponent_exploration.png": "dd236833ac70ab0eb213585f80c06842588c93294881dd8a96179041219bc6b5",
    "grid_movement/pawns/opponent_exploration.png.import": "dacaf7d42d3b1821949122b7a6f4d25ab54041623f214c947e24b59baaef6ef9",
    "grid_movement/pawns/pawn.gd": "8f5f0abc349ca9c52314cf7f8b3530529e24d240acc6f3385e7b9aad4fcbbb4b",
    "grid_movement/pawns/pawn.gd.uid": "18050bde072e67fad8b284711fba40f0048c47f30b5390b5a5f35a568d610aaa",
    "grid_movement/pawns/player.gd": "e672b710e9575fe9bce19f6fda139ea25a43df9f1efda0b08fb2a3ca19e95bd0",
    "grid_movement/pawns/player.gd.uid": "b6e7f5d0e19a5205821779acaa4ef3b3994f5a1bf0ed8aab303a95dd2caa0917",
    "grid_movement/pawns/player_exploration.png": "690ee6a60ca1c18f796d9ad62e6830086d5cfd4da9cfce1ddec3d375a457a594",
    "grid_movement/pawns/player_exploration.png.import": "827bf6a896df67f8777b53686813dfb7de3528e366c730e8b2986a476918ab98",
    "grid_movement/pawns/player_exploration_bump.png": "c9f17d9bfa8e16ab337a388fc963a873f76a3f8ef39274b22ecd452221f024e2",
    "grid_movement/pawns/player_exploration_bump.png.import": "6bb692fbb4f0f9547377f41e2cc7420e0f1695ee60d5118f9d8d4d6922c41ca3",
    "grid_movement/pawns/walker.gd": "e5d00b4abfaaba9c012971a06a987602d109867f818d399b9e60fdc2be3bf829",
    "grid_movement/pawns/walker.gd.uid": "f9091c33781c2a7e0610f42db5c5a181c83bbdd08a72a3ebd88932ce98b1d1ac",
    "icon.svg": "bf51a050a961e000ce7aa940a3912aaa903044d92731a6782bbabf4206db7709",
    "icon.svg.import": "0c3008ea42ec01c3d3cf62cbd9cf406214af4238da73df4d423132086520e014",
    "project.godot": "5cb62ac6c70244230e0ec77b64e6190b1045538149ab541701901c5262a63fdb",
    "screenshots/.gdignore": "e3b0c44298fc1c149afbf4c8996fb92427ae41e4649b934ca495991b7852b855",
    "screenshots/battle.png": "e02909a5d290ac0ea7f1b48b8b705816dba84a9b605c3f190d34ad2c11a5e32f",
    "screenshots/object.png": "874ff2e91354782ae7a730fee65a0dd499b2900a7a035b28a1bcae2592ce03b1",
    "theme/fonts/montserrat_extra_bold.otf": "17ae49f737f0b36ce87dd587a7fda35a7d95eb330d175f27e70062905894b486",
    "theme/fonts/montserrat_extra_bold.otf.import": "91bca9c8ee266cb0eff70d192e84dca5d8f23fb16c699453d0c4245177b12c76",
    "theme/fonts/montserrat_extra_bold_16.tres": "44ce04d85218164358e3cb7399fdb65901f5ea7d7068417a93e0a4650a13f4a0",
    "theme/fonts/montserrat_extra_bold_24.tres": "bbdd883f7ef03b46a28d42aec238879f5437c97154ada2b7d1f5659ad842b9f0",
    "theme/fonts/montserrat_extra_bold_32.tres": "45287b76056c876dfe6557f30271fdd50dd23fb24ef51baba2ac6ba9082bd34d",
    "theme/fonts/montserrat_extra_bold_48.tres": "e629b1ba1d99c7e212dee94f3a16bf22f444cfcc381d2a9160f2bb2722fc705e",
    "theme/fonts/montserrat_extra_bold_62.tres": "4df80909e686afcd7c424554501e3aa7f2a6ed95128e2822bb8dc5710c693815",
    "theme/foreground_stylebox_blue.tres": "21686a66cd1b09dddb8b85f92fca870020d0abfa90ff889d428e5a0fc64795e5",
    "theme/foreground_stylebox_red.tres": "6534b59d3732fafd3bc4c0a134af08efd522ed8c67958dd7e031c2e03dab9df4",
    "theme/images/background.png": "cac69e998137bbcc9ec7c8b1a41f7aeb105d85b10d89df32f5f145a34df611d1",
    "theme/images/background.png.import": "144d6d935d8e7c7091e198116a996b7d94a26b1c771df5fa44474533877d2c43",
    "theme/images/button_rect.png": "d2955329522bf2b5c077d9f8e09a74eecc39c83f41f2d9388fe774f4dfeb925e",
    "theme/images/button_rect.png.import": "2741455f378e43935db54a02d3bfc39fef5123b3d42999c1812a6d21db31f393",
    "theme/images/button_rect_pressed.png": "e5e5e0b3d6a36ebfedb34d7387cf7f07b05a47228acbff9b5b351c770c773465",
    "theme/images/button_rect_pressed.png.import": "f9386bdb3f3c0f7da2f3eb8f427b0202ec4028fb269c35068e528fb1135c130a",
    "theme/images/foreground_blue.png": "675e2f97d2491ae614f72f4aa73ea811ce2f9315cabb3b1b58ca356782ce7228",
    "theme/images/foreground_blue.png.import": "e3b3fbaaf36cab11590d8b988474bea156b860d3548bc64505ed306bf249d7d3",
    "theme/images/foreground_red.png": "cf8fe4fd946a8817944e67511afa79a185add9596d60a10dd8171f6c1b5804fd",
    "theme/images/foreground_red.png.import": "b952bc0cd9de77c3c3ed8b9d4e5af12bc8f924fbbfc8891d2049181ecafbba2c",
    "theme/images/panel_rect.png": "fb5e0f5fe2b24129ba3556782c18a680c485b07b1bbce831ff02f7bce2fe27e6",
    "theme/images/panel_rect.png.import": "9da596159c8ef8dc1e56deba22d027d9ae7510959470fa68c54adecfbfc2dbfe",
    "theme/images/title_panel.png": "1791b7967f9c4e8367841ea6f6addb1050698d37f0eec6927091cef4edff229e",
    "theme/images/title_panel.png.import": "200ed33eae5d835a2dc9e88981f6e29e287f38919399a031d85dfa1dfd007a17",
    "theme/theme.tres": "3a05542a3f138b5a0956a5138c8e979f18dacfb60572cdbb289465a1cd94dd19"
  }
}
