{
  "id": "squash-the-creeps-godot4",
  "upstreams": [
    {
      "repo": "https://github.com/godotengine/godot-demo-projects",
      "commit": "3e08537616661a5883831628decab4c526260289",
      "branch": "master",
      "upstream_path": "3d/squash_the_creeps",
      "license": "MIT AND CC-BY-3.0 AND OFL-1.1",
      "license_file": "LICENSE.md",
      "retrieved": "2026-09-28",
      "vendored_into": ".",
      "vendored_paths": [
        "3d/squash_the_creeps",
        "LICENSE.md"
      ],
      "note": "Squash the Creeps (3D) (3d/squash_the_creeps in godot-demo-projects), a Godot 4 analysis fixture. WHY THIS PIN: `master` head of godotengine/godot-demo-projects at retrieval (3e085376, committed 2026-09-29 00:43 +0200), the living Godot 4 demo set; project.godot reads config_version=5, config/features \"4.7\". Taken from a sparse, blobless clone of that single commit. ID: config/name \"Squash the Creeps (3D)\" is the same game as the Godot 3 fixture `squash-the-creeps` (same config/name), so it takes that id with the `-godot4` suffix. LICENSE: `3d/squash_the_creeps/` carries no license file of its own, so the repository-root LICENSE.md (verbatim MIT, Godot Engine contributors / Linietsky, Manzur) is vendored at the fixture root and is the `license_file`. The demo README (vendored) carries the asset terms: art/'House In a Forest Loop.ogg' CC-BY 3.0 (HorrorPen); font Montserrat Medium SIL OFL 1.1 with fonts/LICENSE.txt vendored. SECURITY (static read, nothing executed): no @tool script, no EditorPlugin, no OS.execute/create_process/shell_open, no network API (HTTPRequest/HTTPClient/TCP/UDP/WebSocket/ENet/WebRTC/JavaScriptBridge), no GDScript.new/set_source_code/Expression, no .gdextension/.gdnlib, no native blob (file(1) over every file: no Mach-O/ELF/PE), no C#. One autoload (MusicPlayer, a scene). The two Blender sources are excluded (below). Cloned 2026-09-28 with `git -c core.hooksPath=/dev/null clone --depth 1`, no submodules; bytes vendored from `git cat-file blob` at the pin and re-read from disk, 0 mismatches. File modes are not carried (all staged 0644).",
      "excluded_from_upstream": {
        "rule": "The whole `3d/squash_the_creeps/` tree is vendored at the fixture root except the classes listed below, plus the repository-root LICENSE.md. Excluded are the repository-root files outside every demo (listed); the other demo directories of the repository are out of scope, not exclusions.",
        "why": "Nothing inside the Godot project is dropped unless listed; no `.godot/` cache, native binary, .gdextension or C# file is tracked in this demo. Exclusions:\n- Blender authoring sources (art/mob.blend, art/player.blend): required exclusion; Blender files can embed Python and are never referenced from res:// (project.godot sets import/blender/enabled=false); the .glb exports the scenes actually reference are kept (2 files, 303,104 bytes)\n- repository-root tooling and docs outside the Godot project (.clang-format, .editorconfig, .gitattributes, .gitignore, .lycheeignore, CONTRIBUTING.md, README.md, file_format.sh); the root README's License section only restates LICENSE.md, which is vendored (8 files, 6,581 bytes)\n- repository chrome outside the Godot project: .github/ (CI workflows, web-export dist, issue templates, CODEOWNERS, dependabot) (12 files, 19,819 bytes)",
        "file_count": 22,
        "bytes": 329504,
        "paths": [
          "3d/squash_the_creeps/art/mob.blend",
          "3d/squash_the_creeps/art/player.blend",
          ".clang-format",
          ".editorconfig",
          ".gitattributes",
          ".github/CODEOWNERS",
          ".github/ISSUE_TEMPLATE/bug-report.md",
          ".github/ISSUE_TEMPLATE/feature---enhancement-request.md",
          ".github/PULL_REQUEST_TEMPLATE.md",
          ".github/dependabot.yml",
          ".github/dist/.nojekyll",
          ".github/dist/export_presets.cfg",
          ".github/dist/footer.html",
          ".github/dist/header.html",
          ".github/workflows/check_urls.yml",
          ".github/workflows/export_web.yml",
          ".github/workflows/static_checks.yml",
          ".gitignore",
          ".lycheeignore",
          "CONTRIBUTING.md",
          "README.md",
          "file_format.sh"
        ]
      }
    }
  ],
  "vendored_file_count": 35,
  "vendored_bytes": 1909376,
  "sha256_manifest": {
    ".gitignore": "b3e95a48ca3f4e98ea98039246ad051a2c157aaecc1a99f6607766e493afe5d3",
    "LICENSE.md": "0339177149b474f7ff676d32218ecb3a8f2538955610023c3769763720d09e4c",
    "Main.gd": "459f8f8735731072598b30e283fc62117063539b6162afb9979c774dc7d9613f",
    "Main.gd.uid": "a5b1ea966f19de35dee05f02c6c2800f3c83ddc3b3f4fa6e6c30c2aef6be05cd",
    "Main.tscn": "87c2140064ade9d98a101edb9ec0d2b08536757eb9f47b58dd2e85d48fe29819",
    "Mob.gd": "12bc135f704ed11bfc3dce2acafbd795502e615679bd49e1de92a895f87e33e4",
    "Mob.gd.uid": "191d39d3fb4a80e3c3d2e1be0908eb23c15dd90673e3cec47615d9a4dceb0c34",
    "Mob.tscn": "9bef41c3c459f65906b8711b51b8e9a7a06c9f205270598f0ee72ad5d6be643a",
    "MusicPlayer.tscn": "a8724735c32f9644549ea60f3fa9167dc5012404139f10b4e31872430bb5db53",
    "Player.gd": "e138ba5f4ded1cd2ef2360457a8a00755b6125a8369d89f478044cd0013ab90b",
    "Player.gd.uid": "21780a46a53823eb59876c16ebfd8ab77dc5cb20781ceec3335ad4e40eec4460",
    "Player.tscn": "9e7ad8257a301521ef535968a69941972e05f56a6eb63a181d4c9bd53f44e2ab",
    "README.md": "62a1bd30dc3fca56ff9c98ef40c304fe7a5ed75f24502894fa5623dd0e7ec0b0",
    "ScoreLabel.gd": "b4e10f3b95a80c34b67d5e8873501ab3d7733abfd4ca91f5570143290e44e9c9",
    "ScoreLabel.gd.uid": "e775689bd736124e9668c26281d9306586786161311ae8d18b4db4b5702b5ee0",
    "art/House In a Forest Loop.ogg": "32680f2b2631eb9f6e2902ebbbec1b43ab82b4dbf154fdc9bfbfa17b03270504",
    "art/House In a Forest Loop.ogg.import": "99a39f5e2910b2f7f0e71d1525ede1345613b68ece4497fcec459766657659a0",
    "art/body.tres": "e4b0ac534f88f514fc3cbab87561ea183196ec3c1ba538eee3179b8d190e89de",
    "art/eye.tres": "7cd9238df895fe5f3d983a3c627339886afd50a9383adc09f4011a4086c02459",
    "art/mob.glb": "8a82adb5bfba8c22f9c1a0d692e4d25c2f9055cb7e6f6acd6f61ac169079818c",
    "art/mob.glb.import": "501f1c1896f860bbaad942146af5dc3555418af8621c2f25a7ca1cc3f8bff878",
    "art/mob_body.tres": "103e38579b237f8f54ceecfd64bf1bfae719686124d6fc6d1763ca557f2c3bb9",
    "art/mob_eye.tres": "90b3cc479b3537725aa188034855e1b04d5b06dc350efaae89217f88cd507d30",
    "art/player.glb": "05d8588e8032a674e309ccb4d04578fb578b8da1629096b1036f628593801942",
    "art/player.glb.import": "3824f1f5aa25998a56fcb575ff4b64dd2a4438416893b2bb1c19790cdebea8a0",
    "art/pupil.tres": "8e23bb2a5573c9ab5edc309b2479a102d68fb4e4f7c4995364fa0ec431f5a81a",
    "fonts/LICENSE.txt": "7a05af5e0552b46fbca086d777a251897082e77b840ab59199916a83cbab24f7",
    "fonts/Montserrat-Medium.ttf": "92b3d3c6e135eb1dc95f88e6ca75bd6113d9eb3261a95ca39f733e3897e53675",
    "fonts/Montserrat-Medium.ttf.import": "7a489ff4f0bc087c5d27b386ca5b317d7f58a387f3416e60c2820dd8c087b2dc",
    "icon.webp": "3361a4b47413c65ef2c846a9170f603757fc0c89aba25e3274b7cf7d9258bf7e",
    "icon.webp.import": "0f8159c229ad2363e692c6410abeb4700c3e9da6826a59e50c3e6ee2a6d08f5c",
    "project.godot": "5908d6498c89cd83fe13c692bd76360f0149ae08b718d7f471cf3a56e54067b4",
    "screenshots/.gdignore": "e3b0c44298fc1c149afbf4c8996fb92427ae41e4649b934ca495991b7852b855",
    "screenshots/squash_the_creeps.webp": "75f8644f9a93bff9074c4f73bf8faf0b875cb1077b2a1f01d3f55715d08e3d02",
    "ui_theme.tres": "7a764260a2dec2c0bbcf2a471064044c33e40bc702c37884cc69df0cd17eadd1"
  }
}
