{
  "id": "starter-kit-racing",
  "upstreams": [
    {
      "repo": "https://github.com/KenneyNL/Starter-Kit-Racing",
      "commit": "f5241ebdf00c25bc951bf4fdb7950bb1b78b4bcc",
      "branch": "main",
      "upstream_path": ".",
      "license": "MIT",
      "license_file": "LICENSE",
      "retrieved": "2026-08-18",
      "vendored_into": ".",
      "vendored_paths": [
        "."
      ],
      "note": "starter-kit-racing is an official Kenney Godot project, pinned at the named upstream commit as unmodified migration evidence. The repository root is the Godot project root.",
      "excluded_from_upstream": {
        "rule": "NOTHING is excluded. All 67 tracked files are vendored byte-for-byte.",
        "why": "The complete upstream project is small enough to retain, and its scenes, scripts, resources, assets, import metadata, license, and README are all relevant migration evidence.",
        "file_count": 0,
        "bytes": 0,
        "paths": []
      }
    }
  ],
  "vendored_file_count": 67,
  "vendored_bytes": 3029028,
  "sha256_manifest": {
    ".gitattributes": "1a1dbe176bc233b499d35a57db7513f2941c99ab9759f177830c9149be99005b",
    ".gitignore": "0ef0895554da9af8253266aab091aa3b524b602afe8377aef84da70fc30271c5",
    "LICENSE": "db2c350e96739247706b6b395aae08ac335395eda9cfe2bc80b79636934ecdc2",
    "README.md": "af46d41233baf86e8760eeb45d0775d850a810ff42ffb76b9e4ce0c2f8bd1d47",
    "audio/engine-motorcycle.ogg": "aed3b357bf885d5390a517ee6da2a55f3a17307d8d094175215fb60669f98ef7",
    "audio/engine-motorcycle.ogg.import": "36318d0a542a4881be7d5acffd67a9bcf539f938c02828a6d1f1254fe27d2200",
    "audio/engine.ogg": "6d665dfc961e2d522c866bdcf12fc0ac56c885c0c7117e830df84ba8eecd655c",
    "audio/engine.ogg.import": "eb39a58dbc20f415ffcb23291ffb055e32060268efddecf41093a17b830de461",
    "audio/impact.ogg": "964c5fcfb91e7710e2af25c2243c8b7160756b223b0984bacc9eb25bfeea057b",
    "audio/impact.ogg.import": "ee93ab4a8598998715fabaac2cc651eb431753846023d9e09fbd45cad59bbd2b",
    "audio/skid.ogg": "424bbe660f29b825bd0255e332d084a22719c2c4a04b64f83ec6a531197780ed",
    "audio/skid.ogg.import": "0fa39d5187f46f033db40e73c96506b3b7bd1781e0db2b1197377d103a4a3dba",
    "icon.png": "d5563c5c53c500c3211b8de5b6e8b8a382509cd072e4456b3923ba12263bfb8d",
    "icon.png.import": "550044411d9540283418ffde216e066044c0a147fe9ca85657460f742fba64f9",
    "models/Library/mesh-library.tres": "c6bad9e41b76be1e9a55597b1d67d2499c3412927ac8a8625247b796d00687af",
    "models/Library/mesh-library.tscn": "9fb9bc07b2ac3bbfc8efbac29f4e288c056a84ebe6dff52da1b6cd8fd3c1583d",
    "models/Textures/colormap.png": "02bb3fb87365927d16e265d27caae405aeef5819b6bde5a989ff5e435318de4d",
    "models/Textures/colormap.png.import": "a3a60ab00110e06190ec5ee24ab848343c3a9c2a35aeeb7b6dd9a2ca1f22bdc5",
    "models/collision-track-corner.fbx": "02bd2ee2d3b421dbddf244d3e8953f1fc9220429941fa52ceeba10d9c0c00536",
    "models/collision-track-corner.fbx.import": "3c754367f4a5a2f443a90290b8da6e779e5be1706c121a82b2307fa6fcd3ffc8",
    "models/collision-track-straight.fbx": "127d78b05e41627b2f1d5e31907f2f2b36fe4b37c599b2baad5db2814168c45d",
    "models/collision-track-straight.fbx.import": "cc6a4e7d0ad16d0861fdf2c043105c44214e399b016c3fb85b436381d18a0104",
    "models/decoration-empty.glb": "3815b26a5274173934d37cf605e320450efad4e0034040868b6aea761cfd74bc",
    "models/decoration-empty.glb.import": "35ea5479ce087892c52e67e9cbca30ce5988ca01c954a560e21c422e5c00b743",
    "models/decoration-forest.glb": "664a53f0f709fef9096af3bbfb1aa76536527a616b05170c0cf4e27e33358a00",
    "models/decoration-forest.glb.import": "340a2ab7ac2a981d9454509f3c00996dc292052628621ece60efa329c50274c4",
    "models/decoration-tents.glb": "19dbf2a778ad75f95c7d61f12866ef7174ab69cad169d3749c5400f5e14db8a3",
    "models/decoration-tents.glb.import": "c17be483a65d78b3d171537081b7d1673bdb7466dac223454df4ba81bc478068",
    "models/track-bump.glb": "6db020edc53532ebc0971c9d4ad9afb11c4de67c510649ca843db4616514f43c",
    "models/track-bump.glb.import": "f0b39aebfa47cafd07d997cffada9fcc0fc6d9a47cc115c52c18b2c6a23564dc",
    "models/track-corner.glb": "0ffb3d83b60456fc5a2962447111a1a64bfe943f4ad95462e1edba107be81c80",
    "models/track-corner.glb.import": "7edda215e38d89bd95c167f55fe202efd8a32a5448347551ff427947e09081d1",
    "models/track-finish.glb": "2fec3b681658d6e77e20c4342d1e3ceeaab3e8d2fbf340942cde25cc2b21975b",
    "models/track-finish.glb.import": "cdbfb08223250fad2afb7b9d6fa8964bfc51ae5d7f402ed67e7e970d4633af48",
    "models/track-straight.glb": "2d8080df1fe27e39981480809f36eba7f239e814f96bff61bb4c99793221b701",
    "models/track-straight.glb.import": "4f2d34ae048ad38956a6587adacd1b138a8c354329e04e674e51440244173e36",
    "models/track-tents.glb": "eaf68bbb44e362e291b71d13015fbafc4ce22a9102bda029614972d6cc843c7f",
    "models/track-tents.glb.import": "0df6e56fb8822f29f492578bfc8eaea000440c1ae32627db18654f713248c86c",
    "models/vehicle-motorcycle.glb": "c97911b8dbc2d5dd9d1961b46eb4d1f132b67a6c5a84f45593fea44e0595dd92",
    "models/vehicle-motorcycle.glb.import": "3cad20718487859b8d3b6a5072f86b81f78da2b7314251486d94412ca9b0bb4a",
    "models/vehicle-truck-green.glb": "df362d027a09b19395be0e96abd7cc2dc54608dfb920b592e64357b589f9fcd6",
    "models/vehicle-truck-green.glb.import": "0f3426a318b204dcf6a886dbe4335e853c24bc6e3a09177798cd4bf58f286190",
    "models/vehicle-truck-purple.glb": "03e32f5abcbbd03da3591f42fdaae2cf7d27ed379df7ce0d1f233bea02998565",
    "models/vehicle-truck-purple.glb.import": "b64f55c4bdf2f2fd3a98f41d3ff5897eb0e1d430c518a9fabc3f5e3fc5558228",
    "models/vehicle-truck-red.glb": "eca99bd9ab0a2b02125f915e65d1ec8f1c5a93be7c6d4840efdac6633f47772c",
    "models/vehicle-truck-red.glb.import": "70b159aa62cbc44b2fdefe6fa1f78dc674f42bc21848304de7c3655d2d1586d9",
    "models/vehicle-truck-yellow.glb": "1ebd83174eab6d2fdf69eb5d8e32bd06a23a86d9edc4fe915a4160430a7c36a5",
    "models/vehicle-truck-yellow.glb.import": "b3cac096fdf021013d18b82782461af4292ff05fffbcc7a4e7619ced31f08479",
    "project.godot": "5c26faf8f3439155a505dd35b9c29a5ad30b6064f8656521dbc70a7ee555c27b",
    "scenes/main-environment.tres": "4d613e7246c1f204fd193e7dfec2e2922fabbd5b85a86ccdc760128fba4e0d2c",
    "scenes/main.tscn": "5138d40275304a21644a6fb3500e03a2b734e6761f8dc4c677d08781902f1122",
    "scenes/vehicle-motorcycle.tscn": "4763f44645c2b633285383b545bf911c41476762f88afd0ed5bba35791020c7e",
    "scenes/vehicle.tscn": "54c20729bafb5b3ac7c436c1a2abcfea997bea8b44412a78923be098687633f6",
    "screenshots/.gdignore": "e3b0c44298fc1c149afbf4c8996fb92427ae41e4649b934ca495991b7852b855",
    "screenshots/screenshot.png": "b31467a6818cfaf6a4a04f25ed2ecb0fb36b6c16ae5ad2919329c5c4836d53ac",
    "scripts/vehicle-motorcycle.gd": "9715892351516c39631f89b6ced657b8ff7bfceb358e3252f06d2bf6411f82ff",
    "scripts/vehicle-motorcycle.gd.uid": "0bb71a835059ed5dd566f2c7264c7eb433bfd7d7f97095b5772ad2685cf7d7ba",
    "scripts/vehicle.gd": "fd33d1bb4ed3e473cab4110d64cee0ec1112ba4cf505b0d29577a1b1719e02bb",
    "scripts/vehicle.gd.uid": "d46c0f993f3e4f96ddb3f240883a68536e91068edf011a5922a608398622d4d6",
    "scripts/view.gd": "bd01a3fed163547b71e2a0820eed9729b04a5aeeef780696b7f050eb3c92483c",
    "scripts/view.gd.uid": "730a91e1a0383fafc3a3f02532801f1baed87312be46bccd0bead6f7d797e0c5",
    "splash-screen.png": "e9c77b962ee6da4f4b0ae709f1db0cc95c47f1f9a0d37dad6b8124f75cf77148",
    "splash-screen.png.import": "e6f13273cefab5765e1110e9aa1f213f5f55acf141fd5c1b3c455a152ef16668",
    "sprites/smoke.png": "371590cb06875916ee1ab783217a2b8680ef792fbc358937e917afdfa413a1f1",
    "sprites/smoke.png.import": "46fa10f0b7e9223b614c365180e89eed02c3f01d7e6a6c9d9bf0813c2982fe94",
    "vector/.gdignore": "e3b0c44298fc1c149afbf4c8996fb92427ae41e4649b934ca495991b7852b855",
    "vector/particles.fla": "256a7fd45354419b56e58b586d24e7865c0b709aeb6bc59ce2e2d12083ef5d18"
  }
}
