{
  "id": "starter-kit-basic-scene",
  "upstreams": [
    {
      "repo": "https://github.com/KenneyNL/Starter-Kit-Basic-Scene",
      "commit": "a6927e66ff8dd8e173660ce4825abe773c65f683",
      "branch": "main",
      "upstream_path": ".",
      "license": "MIT",
      "license_file": "LICENSE.md",
      "retrieved": "2026-08-18",
      "vendored_into": ".",
      "vendored_paths": [
        "."
      ],
      "note": "starter-kit-basic-scene is an official Kenney Godot project, pinned at the named upstream commit as unmodified migration evidence. The repository root is the Godot project root.",
      "excluded_from_upstream": {
        "rule": "NOTHING is excluded. All 64 tracked files are vendored byte-for-byte.",
        "why": "The complete upstream project is small enough to retain, and its scenes, scripts, resources, assets, import metadata, license, and README are all relevant migration evidence.",
        "file_count": 0,
        "bytes": 0,
        "paths": []
      }
    }
  ],
  "vendored_file_count": 64,
  "vendored_bytes": 991148,
  "sha256_manifest": {
    ".gitattributes": "21b01a606c9f85f18bb9230245f00ab104df7409cbb2fe9423f6751ca72ba754",
    ".gitignore": "4f3a84c9fa9a38cf9465f52e00ea7d4f567a0c9090449db7f7c3a45de28ac5b3",
    "LICENSE.md": "a1b860d3d4348ec91c134645716e4cabc374313e017353420d57b44e49d56874",
    "README.md": "43d0420aa8455168bc9a430f89ba17511af7e482272a5834cd0d415fe5202622",
    "icon.png": "e013c11883ed10ffc0750e2d07dcd178c59687ac4265c8f52d168d9285d98cdb",
    "icon.png.import": "ddb49aa382c8a05998db60e1e0419f5317be6b3c484b3075b3551dc63aadc119",
    "project.godot": "297a1e47dee0a7e19d462a56c45865c3d69ebab86bef8576b2927ed3150de862",
    "sample/Mini Arena/License.txt": "499e6af94c9258fb965ef55cbb91c57ca6cbacccc3a7f8d6cd6f5059cd59b8df",
    "sample/Mini Arena/Models/GLB format/Textures/colormap.png": "cdc845e1c8704c69d87dbf872c9004b470fc838f4b2830fb7e4fc4a530c80e10",
    "sample/Mini Arena/Models/GLB format/Textures/colormap.png.import": "4135f42860415a26302577a553fd924718e5c8b64bec00b5273faa76afbff8d4",
    "sample/Mini Arena/Models/GLB format/Textures/colormap.png.import~RF8ea903a4.TMP": "1104022fc0c28c3d492a7da1c4da06f0ca852df039ebd4bba5bea754c97daeef",
    "sample/Mini Arena/Models/GLB format/banner.glb": "96e1cf7924fcc871be0e7e182c9b918de381b9783ca9e96922f8db62af384056",
    "sample/Mini Arena/Models/GLB format/banner.glb.import": "8e2c0944b1b52fa41a23b830433e6ba2362193db8a4324060a9344fbf3f8e9ee",
    "sample/Mini Arena/Models/GLB format/block.glb": "656e07f0a3e7d0620892aca6fc40683b4266ff6b9672ecf89f3553e5ed85a1fb",
    "sample/Mini Arena/Models/GLB format/block.glb.import": "ca691bf1006601f5853582c8e4a6a550a4f6eff773e0f4109e67039d86365eff",
    "sample/Mini Arena/Models/GLB format/border-corner.glb": "120ce330ca50fe50e51bf693eadb957abaca972c42d573a07d8e8e404560bc3c",
    "sample/Mini Arena/Models/GLB format/border-corner.glb.import": "2265a91720493f5e7ed06607b06a67b0341820d54117bf4fc0c9cee68e0db763",
    "sample/Mini Arena/Models/GLB format/border-straight.glb": "76ef69e8858f3d17c652d92033a553db58296135a5810d1bd5e54f47b5aa40c4",
    "sample/Mini Arena/Models/GLB format/border-straight.glb.import": "e615ce3db687b1e8ad8c6e0b0cf6ca76642a3acd6331e26653bd5840a703e105",
    "sample/Mini Arena/Models/GLB format/bricks.glb": "fd1d2c033c7db8b7352ac1becdab447d09cabcc11c73adf9bb6790f9680eaa86",
    "sample/Mini Arena/Models/GLB format/bricks.glb.import": "19e4f167c1684dc35f0a169302a28f036e3542d31b48b5235c900c01489c2efd",
    "sample/Mini Arena/Models/GLB format/character-soldier.glb": "b0410b4a34068e56ac1af3a2571f4497f84f1e481cced895b618d1fe8136529c",
    "sample/Mini Arena/Models/GLB format/character-soldier.glb.import": "8709b909afb518cb03ed20abd51637cc72c9fd245f7bc97c30c48e98429005ff",
    "sample/Mini Arena/Models/GLB format/colormap.tres": "e5ac8f9e691813bcb21e744d1a2f7b094b00b585c4d6524112f398fa8fc8ac31",
    "sample/Mini Arena/Models/GLB format/column-damaged.glb": "442a6856e7e2d042c9e3af155dabf6d394f7ba91b2e271ee6392da22555a072c",
    "sample/Mini Arena/Models/GLB format/column-damaged.glb.import": "c9038e42912d8deef3ad6f6e22eb0d82407ddbdb4cb20228cc2fb4a7d2a3ecce",
    "sample/Mini Arena/Models/GLB format/column.glb": "5c815b5fd43d613a21afddaaa90dc2f90b80e31f03dbdde98921cb7424e836c0",
    "sample/Mini Arena/Models/GLB format/column.glb.import": "e6f8ecc2ab4b862c320f0ea5b27e4759940f9635117360f6835b13215d5ef944",
    "sample/Mini Arena/Models/GLB format/floor-detail.glb": "804224caf3008fcdbd57d7ccc2c4734320c58ca880895699307670d2443e324b",
    "sample/Mini Arena/Models/GLB format/floor-detail.glb.import": "1b2f09c96416645aba61e258a450ca461d3526865f0de892283457cba48818de",
    "sample/Mini Arena/Models/GLB format/floor.glb": "15512c5ca6e9d3eb60efd237bbbf5b8010fdea63e0d8e6623f72b59de20279ab",
    "sample/Mini Arena/Models/GLB format/floor.glb.import": "d41175c274c216b1ccd8ea522db44319cf0897b48e15e34a7813b3a45de81ba8",
    "sample/Mini Arena/Models/GLB format/stairs-corner-inner.glb": "2e232cecda1d633acc1b78707ee50089fd40a167293c173536d61ef064697a5c",
    "sample/Mini Arena/Models/GLB format/stairs-corner-inner.glb.import": "ad280f643ff9b17eaeabc30025460b6217d1c1b5c1344b135b450842d67b8894",
    "sample/Mini Arena/Models/GLB format/stairs-corner.glb": "af8eb87dc8826e184f585ebccf0592c909da7370559cd840b218593f4b1c8a38",
    "sample/Mini Arena/Models/GLB format/stairs-corner.glb.import": "34f39f9deb9e5accac3c2dbea4afbe747ecee438823bf6fc3784a6a028f06deb",
    "sample/Mini Arena/Models/GLB format/stairs.glb": "54a3f12c720f9cb83027b5429e330d7c50578f70771fd1bf9a2e521fe131ca6f",
    "sample/Mini Arena/Models/GLB format/stairs.glb.import": "0610ea9be278185f98c38fc8cd0c30a8a70e7d120475ee58021089c045956fa0",
    "sample/Mini Arena/Models/GLB format/statue.glb": "5ba8ecba963f6b3ec974809e2bf0b615da7e2701cd0efc6a3c0e946efb147397",
    "sample/Mini Arena/Models/GLB format/statue.glb.import": "cfdc811e62864873e39ba75bc32cbf5413afd2ea85432f42abaaed8353aa287f",
    "sample/Mini Arena/Models/GLB format/tree.glb": "f8632c9758a78f60aa4ca68bf0e5ac972770167a5608e179293a12552d8fc2ef",
    "sample/Mini Arena/Models/GLB format/tree.glb.import": "576736dfb64a041907a40a595369603ef49cbb450faf32cae250dae0099df52f",
    "sample/Mini Arena/Models/GLB format/trophy.glb": "253f6d5f321ab20f8f505dfe35b7404c98d2d492728e6df5f69dd29e936b8be5",
    "sample/Mini Arena/Models/GLB format/trophy.glb.import": "8a278043c89445d1846289553772b37a8310562800e0f897b45d9cdaef8196e2",
    "sample/Mini Arena/Models/GLB format/wall-corner.glb": "4dc0e770106a122885f41be0bb4024466a7f58bc29a13f07b6600c4babbeb777",
    "sample/Mini Arena/Models/GLB format/wall-corner.glb.import": "5bae9c416d0dfabc5dccea05eff46935caf8d821a9a9d5c0504fc38e5f0302ce",
    "sample/Mini Arena/Models/GLB format/wall-gate.glb": "f70a86344f202b3a8057e3a6ee9cd632ba51a5c16795cfde34cd10e906f14697",
    "sample/Mini Arena/Models/GLB format/wall-gate.glb.import": "e78107edae0133ad7ba5184438b59567903c3ce99aac39f1a11b24e35f3af380",
    "sample/Mini Arena/Models/GLB format/wall.glb": "b05ab8645136cc26e761ae2189f660a585dca88c11721771bca3fb4c1f7a807f",
    "sample/Mini Arena/Models/GLB format/wall.glb.import": "61666b6f505616eab50ac5201130530d6b74c98a99368788a37029ecd2087994",
    "sample/Mini Arena/Models/GLB format/weapon-rack.glb": "bb95da3746098e36f3d87a1e1036ca70ead7fe95860191871e02f7c58ff1efe5",
    "sample/Mini Arena/Models/GLB format/weapon-rack.glb.import": "8110fb510f504f8eb690961f87d76c74e5d219708033031837e0845957083d8f",
    "sample/Mini Arena/Models/GLB format/weapon-spear.glb": "9634e12abce01a07d40d5156454bfa1123eba72af6449fccf577980e331adbeb",
    "sample/Mini Arena/Models/GLB format/weapon-spear.glb.import": "168588a308875874e1db0452e04727736914cfc82104a17f10671563e9967bac",
    "sample/Mini Arena/Models/GLB format/weapon-sword.glb": "e4d2219d954148dd8b04fccc7602726c34eafad58c0dc5a45268155fcf6cc8c4",
    "sample/Mini Arena/Models/GLB format/weapon-sword.glb.import": "31585b56e4d4cc80d571e510cdf67690206fd15bb005559f516d161229466584",
    "sample/Mini Arena/Visit Kenney.url": "d98a24023741cd12c7f207de06f49cc6fcc39f839d3c209f636bd56475fe4c97",
    "sample/Mini Arena/Visit Patreon.url": "2fcba31333935f4aa35e9de2e74e2b7ba1b1a8011540e08016ff6d81e9dd7490",
    "scenes/main-environment.tres": "985f31bd57a06bb25be774a0992b72077467a02d4eaf4a31b1eeda324193e098",
    "scenes/main.tscn": "446481faab6db8791860659433c1a642abc158e99313e4364f1f2cd6d7927aa3",
    "screenshots/.gdignore": "e3b0c44298fc1c149afbf4c8996fb92427ae41e4649b934ca495991b7852b855",
    "screenshots/screenshot.png": "f294c7c08a24f5621aac1f0ee451d21b7b9354ddf64dce3cd5c670bced596103",
    "splash-screen.png": "1221eabb0e19bac7722e1f685cd2d350c7dffb3e00554f22367d611f9e995768",
    "splash-screen.png.import": "5632818eb6fd64cefddc65e83aa13555ec8b18bb76e7437519e2e056b2bc05b9"
  }
}
