{
  "id": "starter-kit-match-3",
  "upstreams": [
    {
      "repo": "https://github.com/KenneyNL/Starter-Kit-Match-3",
      "commit": "7fcc45ea03070bb59053f99bdef49733dce3a66f",
      "branch": "main",
      "upstream_path": ".",
      "license": "MIT",
      "license_file": "README.md",
      "retrieved": "2026-08-18",
      "vendored_into": ".",
      "vendored_paths": [
        "."
      ],
      "note": "starter-kit-match-3 is an official Kenney Godot project, pinned at the named upstream commit as unmodified migration evidence. The repository root is the Godot project root.",
      "excluded_from_upstream": {
        "rule": "NOTHING is excluded. All 46 tracked files are vendored byte-for-byte.",
        "why": "The complete upstream project is small enough to retain, and its scenes, scripts, resources, assets, import metadata, license, and README are all relevant migration evidence.",
        "file_count": 0,
        "bytes": 0,
        "paths": []
      }
    }
  ],
  "vendored_file_count": 46,
  "vendored_bytes": 939264,
  "sha256_manifest": {
    ".editorconfig": "3b2c749c8a940905a08f727d8be9017c9568a12421c0aee7e37e9543b3751b1b",
    ".gitattributes": "21b01a606c9f85f18bb9230245f00ab104df7409cbb2fe9423f6751ca72ba754",
    ".gitignore": "776f1758b7d5ad8c44fc5d3d2adb67d8cca527788f3c43aede501da8fcb51569",
    "README.md": "c1e10c2f603c7cd44180ac3a0107961b300d413c1572c0c6653a88253d1fe271",
    "icon.png": "33547f87d2bc6c096527e6923bf707d108e02bb8bcfb4d22b3e1ff0e2e7e4955",
    "icon.png.import": "0b5c8b14d49f509e29a50e42532744d8b018fc1efd8bb13b5c459dc392494fbe",
    "project.godot": "ce09e380a54e66dff1f87bb1d59942daf27de74397c13d9b7c8fbe0bf91754b4",
    "scenes/main.tscn": "e904d3b94d1357969082ec80e92c677bf6804ff5d5206f91159334d61f03d0e7",
    "scenes/sparkles.tscn": "260971b275f0f12e3fbee3cfa15b363a902621d94cecc2e6266fb267736b5df9",
    "scenes/tile.tscn": "3613afafff3759dee14f8500252efbfc81889d8a346aec13fc6ab514a0c5fa18",
    "screenshots/screenshot.png": "8d1478fbf06bb089a99bba011de172bdd41db310b6023f9ef4b0d1eb77027e05",
    "screenshots/screenshot.png.import": "6defa4b9841cabf3a6a2cd6b432dfecb51aa671cc24ee4f2f34135138486b723",
    "scripts/audio.gd": "fd380aec02dae9f59144bb159c3af7c56abd9c2a9bea76b0e1fd3581a550aeee",
    "scripts/audio.gd.uid": "bfa9dce92d4d34a209f776afa77004ba5bee73cc89539042ae4d488087c95b74",
    "scripts/main.gd": "e6220c0651194dd8d66909ddc97c5f13d014e43de1e1a370aff8d2eb6ea2222d",
    "scripts/main.gd.uid": "fd3db494df40244850748edc5a2cc22d4f918fc3a8b6f7b83355fe23a9be292c",
    "scripts/particles.gd": "9a501366d3e806fcafc3cbabdf48394855e476f38fd38b91a6e35aea6bf48c37",
    "scripts/particles.gd.uid": "c88c1690f77390fd7a2174fcdc1e60b7e6420a34fa1fb615df7680835216a2f2",
    "scripts/tile.gd": "ff2c9f1e1033267991a19e0319e29dbec074e09bd97ec423f4c65ea2116b3f52",
    "scripts/tile.gd.uid": "c17da006455061f1f83f28637e3174c3a3ca7cce17500930bef71fc3944f0207",
    "sounds/tile-land.ogg": "9048ee833a92969a26d1bc7c0d2d9b5c923b3e744d8a87915da75f4c1c95f36c",
    "sounds/tile-land.ogg.import": "eb5fd63276cf4521b3ea0e60afeba96fdf8385b9eb5422307972091d0c0b730d",
    "sounds/tile-match.ogg": "d13852fa1f425fdaaf03cb1b17aecc572a8081f8be2a1ee5f105756c9fdae5d5",
    "sounds/tile-match.ogg.import": "da10b9a46b987c46c9acdb5a151d86e929a122fac618cb412669ae1a77f47656",
    "sounds/tile-swap.ogg": "22bd40757a519c3e561c2143da775c36328e46273c7cab02d6f22982395fb5e5",
    "sounds/tile-swap.ogg.import": "e0e2f4cb7aeb10d61deb0c6f2dd46d5c4b3838561da69c7523a00ffee766545e",
    "splash-screen.png": "b6b71a29f20f51d526f8f0c3442aeff6b4f2a960bdc48f23e7a73ff552d8db03",
    "splash-screen.png.import": "702b282024519a637163ab957c8b4d4a50f26b8620b885e4a07473e435588d85",
    "sprites/backgrounds/background.png": "20ef58767f26203237acd487211801dc13cdeddcd93bb452af4bde841b64f8db",
    "sprites/backgrounds/background.png.import": "819cdbfd5af39694ea422e207f10b089f238e4ed4f971cf1e5dcca9a6b21b209",
    "sprites/cursors/cursor-hand-closed.png": "057704ca8354c42f4bcf2278b224b4d6ffb96de8f2e4157f3a8f70ab62d1b422",
    "sprites/cursors/cursor-hand-closed.png.import": "13cb81c25ec3663c9128976eea55d83c3dedd2f51cb194edc36441765bd3ce7e",
    "sprites/cursors/cursor-hand-open.png": "dc517699b25b135c8953ab4a251d7eab2e01fd535ad27d3a681b0520f0ad9cc7",
    "sprites/cursors/cursor-hand-open.png.import": "48b8d44a016132d8f13e8a81b60b798367f13283e8f5b512e87c461f25afe9f1",
    "sprites/particles/sparkle.png": "fd5fb7146720fb140237a611b41368b2a270a84964e6af0d9f7e725829794955",
    "sprites/particles/sparkle.png.import": "a5cdc3c877afc9219a42e6d8fad82411b80d11e3f10ce323b83b448716d51c02",
    "sprites/tiles/tile-gem.png": "40e70dd7fd6a0a951d309bdf6a2063e6593f52e753195bde3799dce3d1e74e30",
    "sprites/tiles/tile-gem.png.import": "9f67a89f5caf0c0e68c363b76b23f31b3fee4d17d49300a3d05b750d31db6032",
    "sprites/tiles/tile-godot.png": "6df92d54c10c3fa0fdf036468043ff44caa099a49ec48c65fb95b52d0c07a3ae",
    "sprites/tiles/tile-godot.png.import": "d5783072c0e099db7aea19d972aa3533e88c92255d2c6c1be9bab12cb1461741",
    "sprites/tiles/tile-grass.png": "37c55da1941948f7542a93af7c558797c7d903cb40de388f767ef76e7520e788",
    "sprites/tiles/tile-grass.png.import": "7623aebc3eb0c0b73c5c6b4ecff065d3a25ef7ee9004a9fe4244a8190c87ac69",
    "sprites/tiles/tile-kenney.png": "834c359b0a748839c7fe517314be562d5dc52ddf5a0c750e84f1fe7a93901e9e",
    "sprites/tiles/tile-kenney.png.import": "0122be4a3d77933b4cbc1aec837ee3e2192bed115c142649cc13a8d864bf7e47",
    "sprites/tiles/tile-spikes.png": "e5f29c977a98b805a8a89634080f73db985d56b103a05fe80f28f0290952f2a9",
    "sprites/tiles/tile-spikes.png.import": "7846a40bf0a5a9c6375e640b2f7b1d978bdaf2494c1d0a6a3b48b2fcda26a0a9"
  }
}
