{
  "id": "udd-early-sample",
  "upstreams": [
    {
      "repo": "https://github.com/theshaggydev/unto-deepest-depths-prototype",
      "commit": "3874905de2a1e0c71ac2334f12fbf3b3f71896a8",
      "branch": "main",
      "upstream_path": ".",
      "license": "MIT",
      "license_file": "LICENSE",
      "retrieved": "2026-09-28",
      "vendored_into": ".",
      "vendored_paths": [
        "."
      ],
      "note": "UDD Early Sample (theshaggydev/unto-deepest-depths-prototype), a Godot 4 analysis fixture: the early turn-based core-loop prototype of the commercial game Unto Deepest Depths, published as a learning example. WHY THIS PIN: `main` head at retrieval (3874905d); the repository root is the project root; project.godot reads config_version=5, features \"4.2\", GL Compatibility renderer. ID: config/name \"UDD Early Sample\" kebab-cased; no collision. LICENSE: LICENSE is verbatim MIT (Copyright (c) 2021 theshaggydev); README (vendored) says as-is, no warranty, and names no third-party assets. SECURITY (static read, nothing executed): no @tool script, no EditorPlugin, no OS.execute/shell_open, no network API, no GDScript.new/set_source_code, no .gdextension, no native blob, no C#. 3 autoloads (Config, Navigation, EventBus). Cloned 2026-09-28 with `git -c core.hooksPath=/dev/null clone --depth 1`, no submodules; bytes vendored from `git cat-file blob` at the pin and re-read from disk, 0 mismatches. File modes are not carried (all staged 0644).",
      "excluded_from_upstream": {
        "rule": "NOTHING is excluded. The repository root IS the Godot project root and every tracked file is vendored byte-for-byte.",
        "why": "No `.godot/` cache, native binary, .gdextension, C# or CI chrome is tracked.",
        "file_count": 0,
        "bytes": 0,
        "paths": []
      }
    }
  ],
  "vendored_file_count": 63,
  "vendored_bytes": 76609,
  "sha256_manifest": {
    ".gitattributes": "1a1dbe176bc233b499d35a57db7513f2941c99ab9759f177830c9149be99005b",
    ".gitignore": "44c82a7a02ebb093fc186425e60f0f779bb130517372be96fd871df384e7e387",
    "LICENSE": "53b2c54e88efd798beec377f22f044e96689ce825f1531f67c57eba434517377",
    "README.md": "fcf5b0e81d0b46575b44dbbb1fca59a4b49a64d922317bbd42c56a6f9cac5f54",
    "icon.svg": "a9aefeba9c74ac2d7405003b6aa45fb3082304dc55dcee73b4ec7ae28823bda2",
    "icon.svg.import": "f3fb3037d14f6d82df1345e3be598b62709600ea942a6eac5b3c1665645c6dcb",
    "project.godot": "a0ff14af15708fb086dbd7ad201cef6c3136875790746011b5d8fba5bdf07ab7",
    "src/battle/battle.gd": "193299a771b3ca0caba7c57d9a01b685e51e725b910bb921589004f8480cff0f",
    "src/battle/battle.tscn": "989fc50dff7aadb7b92215e60092c841dd9b1dc7b599db5e77c04a8671cc69a3",
    "src/battle/nodes/units/components/abilities_db.gd": "c618b7d8cd6eb28c0060c82c18ce95472cf39b7f23ff1aaa789b725584f9bbf4",
    "src/battle/nodes/units/components/abilities_db.tscn": "0d53a9235f975196efb48953dd0d99518b90331466ffec418ace6365800baee0",
    "src/battle/nodes/units/units.gd": "a48a41c853cc83e25d366cefe3471c47897aaeba8f1122ad940d70c54737cce4",
    "src/battle/nodes/units/units.tscn": "6d766ac94f1f6eba10c97b2a1bbd57d456ccc9d0a82cb36ae1bcb80ee6f369a3",
    "src/global/config.gd": "29f66e1954d136f4b362429902b27f86d73bc6dcee8267c8e9bf7730424e18ef",
    "src/global/event_bus.gd": "035c42cc5ce0797a05c782fa85550c5341f4b1e4f7014c923bdbfb4d5c8e4405",
    "src/global/navigation.gd": "4a4e65dab02e8c8220aa9b9dae5eeec953735448f7d2eb90b66f03d1e06864d1",
    "src/maps/grass_open/grass_open_tiles.png": "07980f71c3e0db08799e9a2ca051dde3cbf5cb8491cc5f9f17dae8e89a2a52c0",
    "src/maps/grass_open/grass_open_tiles.png.import": "e2020d15dd323d2ed9afc0c1a1b5a6da6bb78cd0a6a935014c8dc0e59c4cd496",
    "src/maps/grass_open/grass_open_tileset.tres": "30579cb575d9efdd1ec822ed7cb9ca12487e183ed6de40874da925457f51c2b3",
    "src/maps/highlights/cell_highlight.png": "f9e372b396f3731495f2f37f77d7cde52fa0b4cddf8f0ca4a97725769c7497f9",
    "src/maps/highlights/cell_highlight.png.import": "5f2292acbee3f9522a5a9fad4cf7094d1630eefa919a169b624a6ac80527e6eb",
    "src/maps/highlights/cell_highlight_no_stroke.png": "09612265ee0a9e215213cadb2bc6520c9795e65fb3e5425b82459614c185bc95",
    "src/maps/highlights/cell_highlight_no_stroke.png.import": "28f2767caa891635c4d9a3437dd752b6bec5be6ef3211e35f90dcd70b6250184",
    "src/maps/highlights/cell_highlight_stroke_only.png": "0a4b7cc8aba44e060600ab069bb66fb65cf7441db0866abed8585dadccb9761a",
    "src/maps/highlights/cell_highlight_stroke_only.png.import": "a9b02934711d484e2fabf2bea0a2e4ed36f73138105ace437496fd94b8abc7f7",
    "src/maps/highlights/cell_highlights.gd": "fa3988586f77f2659dfc7b064204a73bc9f186156938e5b8aa558bd3b1752610",
    "src/maps/highlights/cell_highlights.tscn": "e5f98b41dbdf07c680e9568e8347180d9030b86d98007ccdb458293b861f367b",
    "src/maps/test/test_tiles.png": "7c9a9cbd7f278926de04c58a9125e08df9f4fafdc4e5ec57f1d0241165f517c6",
    "src/maps/test/test_tiles.png.import": "1b9b56c7c75422071dc65af03dc4d207a2b2406c2b8848d2a299db8ab98ab784",
    "src/unit/action_collection.gd": "f2ea96480d6956338174978f0c5ff76945ceafa7342a8fb3330d84b01c63a258",
    "src/unit/action_definition.gd": "f096cfe61d438b374860d3a63bde5002658e388e2d6be8c70557debd2e5e331f",
    "src/unit/art/archer/archer.png": "cf54af62cad78c08dd7ec8e663b2572943bc5e5689bafa11e88ad13cd4952310",
    "src/unit/art/archer/archer.png.import": "98448dfbd82906849510a971f2f66fa09e279774c20e2f1dc11a0c2a8da5e8e7",
    "src/unit/art/archer/archer_spriteframes.tres": "1ca21065d55b0ab5270e178f8b9c6b0e14675359ee3a2e17219b6f2430739bd4",
    "src/unit/art/knight/knight.png": "9fc41c3fed2c95c45e218fc407d4e75daf592e21cbfb23b7eb9d731ba5f5a9f7",
    "src/unit/art/knight/knight.png.import": "020bd42eea4ada0fe4ce6af2fbb20f8be55132fa1ecf41168e9ba3e211588102",
    "src/unit/art/knight/knight_spriteframes.tres": "2ff0df475dbb77197964cc091340a6702acbb3b7fefcc9336daca8145d6ced75",
    "src/unit/art/mage/mage.png": "d1a640195989419c23c53ea7ba364bdc9640cfc6d8cca249934f53493cccfbdf",
    "src/unit/art/mage/mage.png.import": "94d73aaf534154a0bb0cefbc8d7a301f39da7d2590c697e4eaaa7bebe2311bc2",
    "src/unit/art/mage/mage_spriteframes.tres": "ca7a4bdffcec8f9c7409b7f6159cb74896d7a0a62f39599413b4e8959be7a591",
    "src/unit/art/mage/tile_flame.png": "388c51099112c26f8ebec5f7f916d73fe14b6aa7b47517593b5bc9b02b3b145d",
    "src/unit/art/mage/tile_flame.png.import": "745d794d111be1d5295cc3c6fd04e179b818550c3df36c5b96c10c595b42dc4a",
    "src/unit/art/mage/tile_flame_spriteframes.tres": "73e7848ee8d45ec076632ed49a3484cbb85e00dc85a30f11aa0794bbb90a7983",
    "src/unit/art/peasant/peasant.png": "fcf46cdb7ce2f9a6ed7dd66091dd751fa80bf16c26f5f4855ea42e58bf0bcab3",
    "src/unit/art/peasant/peasant.png.import": "ffb72d32aed195fc8baac14e98da2a95ced9b121017d6e259b87b72bce3844bb",
    "src/unit/art/peasant/peasant_spriteframes.tres": "c60055aeff85479cefce86de94ccf32f840d876770c797a637e444204830ce12",
    "src/unit/art/rogue/rogue.png": "91e65b7f6f43c187416d13c5b9136e1d224f68581cb15a92946496c16d77121b",
    "src/unit/art/rogue/rogue.png.import": "f11b718e8b9ad736280d67a52b59fd0a02418eed15f5eec5d979c8be31de7361",
    "src/unit/art/rogue/rogue_spriteframes.tres": "abeff8050ff1a831e778dfaadd1803a046455eb9fd82c50f6f00174b46bea30b",
    "src/unit/art/unit_temp.png": "4fc0815e54513fc2f83a09aaddf50b110f18b89939c56ef9dd71af26dade068d",
    "src/unit/art/unit_temp.png.import": "b70cac1811575076182d92a8a247538f7d422c21241d0c2566a56cccd714edee",
    "src/unit/components/health_bar/health_bar.gd": "11048dba163210d0f6c7c40279fb207eb26539ca6159910d2ea48f6ceddede71",
    "src/unit/components/health_bar/health_bar.tscn": "834b3938986107e1d7e219a3d46954f193be5784f154d6ed099370494bc1921e",
    "src/unit/definitions/archer.tres": "88f5a08b325b48f2b00a9d1027c976c87ec3d382de05f483e2328125fe1a4b28",
    "src/unit/definitions/knight.tres": "8262a07cb7a26f9d8f96c62baddf8f551d63eaf0b6ad4b5836e0919943521dcd",
    "src/unit/definitions/mage.tres": "5adc0af8289c3c4690251331f7d77f7187eb9cdc903826ae82f22a71ec935f4e",
    "src/unit/definitions/peasant.tres": "ab24a23b81b415c856fa1d38adb2a3e2f9eb9f691975152c879df90769db36dc",
    "src/unit/definitions/unit_definition.gd": "cf3e93e64b9262f9739600030891877e74f48863457f3e8a989260b0ad331ced",
    "src/unit/type_components/mage/mage_attack_flame_generator.gd": "b3a0b24c76f205a2e52eef6c4ea98992d6711c6fd57f10ae7d68c5119f841001",
    "src/unit/type_components/mage/mage_attack_flame_generator.tscn": "02eb00bd2026b9fd5cd40eb400ce036b49e5363580d6b52ad11e1609ab9213e7",
    "src/unit/type_components/unit_type_component.gd": "3e0a721cb499fd8ce2732d2d4749f86e0fd71fe3302c4dce1da42923cfc86c61",
    "src/unit/unit.gd": "59737be626f478ec1e4b910ceb1968ebbff73a7dc3e9eb86324af5503925ab57",
    "src/unit/unit.tscn": "764ff8a35f1200a96554cec205a864fb5eeb986847d8016924aac6ff34a75d1d"
  }
}
