{
  "id": "voxel-game",
  "upstreams": [
    {
      "repo": "https://github.com/godotengine/godot-demo-projects",
      "commit": "3e08537616661a5883831628decab4c526260289",
      "branch": "master",
      "upstream_path": "3d/voxel",
      "license": "MIT AND CC-BY-SA-3.0 AND CC0-1.0 AND CC-BY",
      "license_file": "LICENSE.md",
      "retrieved": "2026-09-28",
      "vendored_into": ".",
      "vendored_paths": [
        "3d/voxel",
        "LICENSE.md"
      ],
      "note": "Voxel Game (3d/voxel in godot-demo-projects), a Godot 4 analysis fixture. WHY THIS PIN: `master` head of godotengine/godot-demo-projects at retrieval (3e085376, committed 2026-09-29 00:43 +0200), the living Godot 4 demo set; project.godot reads config_version=5, config/features \"4.7\". Taken from a sparse, blobless clone of that single commit. ID: config/name \"Voxel Game\" kebab-cased; no collision. LICENSE: `3d/voxel/` carries no license file of its own, so the repository-root LICENSE.md (verbatim MIT, Godot Engine contributors / Linietsky, Manzur) is vendored at the fixture root and is the `license_file`. The demo README (vendored) carries the asset terms: block textures from Minetest Game, mostly CC BY-SA 3.0 (per-file credits to Cisoun, celeron55, VanessaE, Calinou, PilzAdam and others) with a few CC0 1.0 (sofar, Krock); font TinyUnicode by DuffsDevice, CC-BY (version unstated). Earlier vetting rejected this demo for the CC-BY-SA textures; the owner's 2026-09-28 ruling (CC incl. SA is fine for benchmarking) admits it, and the README attribution travels with the fixture as SA/BY require. SECURITY (static read, nothing executed): no @tool script, no EditorPlugin, no OS.execute/create_process/shell_open, no network API (HTTPRequest/HTTPClient/TCP/UDP/WebSocket/ENet/WebRTC/JavaScriptBridge), no GDScript.new/set_source_code/Expression, no .gdextension/.gdnlib, no native blob (file(1) over every file: no Mach-O/ELF/PE), no C#. Autoload Settings (settings.gd) reads/writes user://settings.json via FileAccess; user:// only, benign. Chunk meshing uses Thread; no other finding. Cloned 2026-09-28 with `git -c core.hooksPath=/dev/null clone --depth 1`, no submodules; bytes vendored from `git cat-file blob` at the pin and re-read from disk, 0 mismatches. File modes are not carried (all staged 0644).",
      "excluded_from_upstream": {
        "rule": "The whole `3d/voxel/` tree is vendored at the fixture root, plus the repository-root LICENSE.md. Excluded are the repository-root files outside every demo (listed); the other demo directories of the repository are out of scope, not exclusions.",
        "why": "Nothing inside the Godot project is dropped unless listed; no `.godot/` cache, native binary, .gdextension or C# file is tracked in this demo. Exclusions:\n- repository-root tooling and docs outside the Godot project (.clang-format, .editorconfig, .gitattributes, .gitignore, .lycheeignore, CONTRIBUTING.md, README.md, file_format.sh); the root README's License section only restates LICENSE.md, which is vendored (8 files, 6,581 bytes)\n- repository chrome outside the Godot project: .github/ (CI workflows, web-export dist, issue templates, CODEOWNERS, dependabot) (12 files, 19,819 bytes)",
        "file_count": 20,
        "bytes": 26400,
        "paths": [
          ".clang-format",
          ".editorconfig",
          ".gitattributes",
          ".github/CODEOWNERS",
          ".github/ISSUE_TEMPLATE/bug-report.md",
          ".github/ISSUE_TEMPLATE/feature---enhancement-request.md",
          ".github/PULL_REQUEST_TEMPLATE.md",
          ".github/dependabot.yml",
          ".github/dist/.nojekyll",
          ".github/dist/export_presets.cfg",
          ".github/dist/footer.html",
          ".github/dist/header.html",
          ".github/workflows/check_urls.yml",
          ".github/workflows/export_web.yml",
          ".github/workflows/static_checks.yml",
          ".gitignore",
          ".lycheeignore",
          "CONTRIBUTING.md",
          "README.md",
          "file_format.sh"
        ]
      }
    }
  ],
  "vendored_file_count": 58,
  "vendored_bytes": 1363731,
  "sha256_manifest": {
    "LICENSE.md": "0339177149b474f7ff676d32218ecb3a8f2538955610023c3769763720d09e4c",
    "README.md": "312c35ee07f454bf80a06f47909b3d1d379d2d54fecac31c355d649c4fbb210a",
    "default_bus_layout.tres": "6d1468139b70731886a5efec8d780268eb5a74643782b990b6a5d6d3f39447c2",
    "icon.webp": "4322f4d8cf7b5e39cb90035e18a3b026026dc16811e8490566915c28c4c730d5",
    "icon.webp.import": "d313be64c69bdeaa940c3e692befbb1dc8a6e4b4a84fe17f311834c750cf1974",
    "menu/button.png": "6175bbbed70e20b07112cd91ce1004221add4826a0b651601064e56ee76e6fc0",
    "menu/button.png.import": "3c1c7fc184dabd230858a95637900da55aa78b2f7d5472532ac4e020f7bbe090",
    "menu/button_focus.png": "45ab62c6a3904efba1878e398bf620548886f90b45489bc87d1b319755be7219",
    "menu/button_focus.png.import": "c362039539c796663f06214ba844ce596875730e4c0c0ccd9106e245e7ebf6db",
    "menu/button_hover.png": "49a36f81a91f88a85c5bd3e94104957ed83f1f23b267fa2e9f71de45c3fec242",
    "menu/button_hover.png.import": "dd219dd0b51877c449200814f83bd49f32ce3afd6b6c9e6d1ab8e124fbb58211",
    "menu/button_pressed.png": "515b15dcc1ac80d7228e0a234b346e6692b250935f24f2b248e31cd2a35b02e9",
    "menu/button_pressed.png.import": "28e39303ca73df31245b4f5e702c9c534c6f776b4fc91cb5c9162ec545af6a24",
    "menu/debug.gd": "8a2542702dd3af4b458832fa874e8f74c7aba72cc2d5a90054dbd31acf101b79",
    "menu/debug.gd.uid": "7b34eb2a6a203070505f7892d50cb8f932c92eb5e8d4f666559c14baebcf7079",
    "menu/ingame/pause_menu.gd": "22bcbab112747d8a15bb3394f7a60aeba5a12ae07f0db433783d94ba85ac6cf5",
    "menu/ingame/pause_menu.gd.uid": "bcec906b1b0ae6d07aefc3fb5a99ae200cb118c3d9a3e3b255b83c049c9c298e",
    "menu/ingame/pause_menu.tscn": "ca96182db2e8d05460842834bd02e714e2a7a3b5d940e3d4ada3b26e6c8ebb4d",
    "menu/main/dark_dirt.png": "a954acb5f31c126a2edc717e555df6107adbff6b1de6966e1753d0acacad590f",
    "menu/main/dark_dirt.png.import": "b6956156b50597806e68212f5fa0b436b400803a21a64a1c50dea1900475c6b0",
    "menu/main/main_menu.gd": "d65fab7909e312bbc45a97d5e38f2fbe98870ca13f04a2c96fd1ebbaa4015614",
    "menu/main/main_menu.gd.uid": "e7b56a8ffc720a1acf2005bf981b2620a44d5419b88f6b4a2278fab21e347700",
    "menu/main/main_menu.tscn": "11629046e7ce847e70544962ed27e7f6378edaf2c50e45c348156d47561c32c4",
    "menu/main/splash_text.gd": "f00d5c9344c8035fcaad7a3c6ab31785ff6f2f542259215be65dca5dbeb0e145",
    "menu/main/splash_text.gd.uid": "7b4d097f700973d202c2ea3fb254c386d45c3d04819c94d92898996ffbf20400",
    "menu/main/title.png": "501e219187ef3fbde73f8413e3e87bfdf62451683b3d9cbba4d2ecdb78529ec8",
    "menu/main/title.png.import": "1434a3bdd5fed3661dcff666b42c8bd1858a7244d922ea5dfc3ac6ecd2a63e1c",
    "menu/options/option_buttons.gd": "34260384e2f4f3dc20169111f9813596b294b597acd9287ebebd336df03f13a8",
    "menu/options/option_buttons.gd.uid": "2a414f1fbf45ac8f12ab32dfff93599df12c96b1640b7271a5b21bc339403ab8",
    "menu/options/options.gd": "375ce72a2d93ae29cc2afafb495efba8ce58be38229e4b4fa5f4022037dc9c78",
    "menu/options/options.gd.uid": "6f2a962103d316549c7c5f42112570165fdd43f4202190fcba7fe559c8156782",
    "menu/options/options.tscn": "9a58572eaa3dbc59c5f2e25cc99c4f65126a83d42b80db6be3de76ed8dda89c0",
    "menu/theme/TinyUnicode.ttf": "460d6c724a3289e92c4fbcbfa8e60f3523b432a8d6c9f689232404ba29034b7e",
    "menu/theme/TinyUnicode.ttf.import": "909ebe93e199e7a9fd618acb7504f9d530965454630e0fd9bda3232e330f6a82",
    "menu/theme/theme.tres": "47e371bcdf4655701d3467b6a4c0af782ec350453d092f25a61236a3fb2658da",
    "player/crosshair.svg": "2b510c0a697b21dc7c04d219b501f041ca17e3200fd70debae450593eae5955b",
    "player/crosshair.svg.import": "064a26a8a1f7a65d127af996d32d803ba171b68fb55a56c44700fa6f9ba94050",
    "player/player.gd": "1b2ecfc8f9d29396d8685e0f85172dfb92a39830becabd9ed69d5cd121cec69a",
    "player/player.gd.uid": "4cce035b75e62fb28767d8fac0e10d2f253a60943c09faf18747bf734503a4aa",
    "player/player.tscn": "1b15972429b105bbe401309a3bf55f7efeed7176358800e17c33b0c9a76b13c5",
    "project.godot": "3e77b1686392c0b9c532b05238cdab94f4f03cdcbac67a57535feac1279eb4bb",
    "screenshots/.gdignore": "e3b0c44298fc1c149afbf4c8996fb92427ae41e4649b934ca495991b7852b855",
    "screenshots/blocks.png": "86d9bd9fecb026104fb18c2c23cde428f8751a0de5f433bc52d24ee4c979200f",
    "screenshots/title.png": "c3aa2a09e2f531b97f7ca53dc657564315ff3c4dd6e42e16e55c81777518c364",
    "settings.gd": "a62d93c414845b2631d95fd507678bc6ee51c9d8693503d9f45756bfa2959b17",
    "settings.gd.uid": "d3818f71a37eb3b4f7a61a82ad4ebd12d49efd541968c3c8a45cae8e68c60d49",
    "world/chunk.gd": "ee4d2c73eade98f14f290f9e5b0d9bf50a53973977ec45f4a1e15def3f54471c",
    "world/chunk.gd.uid": "786f81dc7da0112b2a0d178f13dfdfab891b35595a6657473c62112e093344aa",
    "world/environment.gd": "837dd6240887f0a008f33361fd87a745bc9ecb3982f882d440a6b88d2974001f",
    "world/environment.gd.uid": "b798d1e7699c5b28d1a9ea40b393b64156a40b48cae5a3f438ef6f0e7bd165c8",
    "world/terrain_generator.gd": "95d25d43dcdbfcbe212d390ee3075af6e19ce8c30862fa30fd3dac9e12694748",
    "world/terrain_generator.gd.uid": "43e34f551746b6e5e58898afe5758544f0538a6e71a6935e4f1392925e3a6e69",
    "world/textures/material.tres": "f5246aa5f852390416f4b94d0130f8d54ef6aca8cae717122492be27a08f4afe",
    "world/textures/texture_sheet.png": "4dcb96f28255227baabaaf93e963ce55aab3185cb05b25124e73bd4729923454",
    "world/textures/texture_sheet.png.import": "e4185a914459b4f4bde53d097dfb8e2d532b3561c67893efdd71eeaf64976e57",
    "world/voxel_world.gd": "6a80cec4c80600d485f1b73dc3ac9ecef3816c0f8100d83d9cb44cc5105ea18d",
    "world/voxel_world.gd.uid": "0dbd5b77f73f4e25400786ce5130322346048156e372393a99bfe3180e73a818",
    "world/world.tscn": "7550c1a2746a564403a9a31b2e52e7da3120b5f2feb76985072d380dfc46b06f"
  }
}
