{
  "id": "your-first-2d-game-with-godot-4-gdquest",
  "upstreams": [
    {
      "repo": "https://github.com/gdquest-demos/getting-started-with-godot-4",
      "commit": "940f23e54e0207cc1135c2f6dc7fdd1ce5b52127",
      "branch": "main",
      "upstream_path": "2d-project-completed",
      "license": "MIT AND CC-BY-NC-SA-4.0",
      "license_file": "LICENSE",
      "retrieved": "2026-09-28",
      "vendored_into": ".",
      "vendored_paths": [
        "2d-project-completed",
        "LICENSE"
      ],
      "note": "Your First 2D Game With Godot 4 (GDQuest) (2d-project-completed/ in getting-started-with-godot-4), a Godot 4 analysis fixture. WHY THIS PIN: `main` head of gdquest-demos/getting-started-with-godot-4 at retrieval (940f23e5, 2026-05-16). The repository holds FOUR Godot projects (2d-project-completed, 3d-project-completed, starter-files/2d-project-start, starter-files/3d-project-assets); each is staged as its own fixture and the siblings are out of scope here, not exclusions. The finished 2D vampire-survivor-style tutorial game; project.godot reads config_version=5, features \"4.6\". ID: config/name kebab-cased; no collision. LICENSE (repository root, vendored at the fixture root): dual terms, MIT for source code, scenes, shaders and Godot-generated resources (Copyright (c) 2023-present GDQuest) and CC-BY-NC-SA-4.0 for art assets (textures, 3D models), full CC text included. The owner ruled 2026-09-28 that CC licenses including NC and SA are acceptable for benchmarking, which lifts the earlier rejection; the NC/SA terms still bind any redistribution of the art. SECURITY (static read, nothing executed): ONE finding: addons/colorpicker_presets/colorpicker_presets.gd is a @tool EditorPlugin ENABLED in project.godot [editor_plugins]; it would run inside the Godot editor on open. Read in full: _enter_tree() opens the sibling presets.gpl READ-only from res://, parses GIMP-palette RGB triples and writes them to the editor's project metadata (color_picker/presets). No process, shell, network, file write or dynamic code. Judged benign; kept because it is the upstream project and the analyzer never opens the editor. Otherwise: no OS.execute/shell_open, no network API, no GDScript.new/set_source_code, no .gdextension, no native blob, no C# (project.godot's [dotnet] assembly_name is a default key with no .cs/.csproj anywhere). Cloned 2026-09-28 with `git -c core.hooksPath=/dev/null clone --depth 1`, no submodules; bytes vendored from `git cat-file blob` at the pin and re-read from disk, 0 mismatches. File modes are not carried (all staged 0644).",
      "excluded_from_upstream": {
        "rule": "The whole `2d-project-completed/` tree is vendored at the fixture root, plus the repository-root LICENSE. Excluded are the repository-root files outside every project (listed).",
        "why": "Nothing inside the Godot project is dropped; no `.godot/` cache, native binary, .gdextension or C# is tracked. Exclusions:\n- repository-root .gitignore (the repository's, not the project's) (1 file, 62 bytes)\n- repository-root README.md: links to the tutorials only, carries no terms (1 file, 524 bytes)\n- repository build tooling outside every Godot project (Deno build script build.ts, deno.jsonc, deno.lock); never executed (3 files, 5,796 bytes)",
        "file_count": 5,
        "bytes": 6382,
        "paths": [
          ".gitignore",
          "README.md",
          "build.ts",
          "deno.jsonc",
          "deno.lock"
        ]
      }
    }
  ],
  "vendored_file_count": 81,
  "vendored_bytes": 253937,
  "sha256_manifest": {
    "LICENSE": "c298531e638430618d5f68ca9e1be23d3e6510173aa764068c3f7e3fcf25d140",
    "addons/colorpicker_presets/README.md": "9fcea88b220d18055dfa5bd3ce4db8aceec10c2035295f22eab01cf81e9bf9c8",
    "addons/colorpicker_presets/colorpicker_presets.gd": "cd1fa4068aa39c37c9dbb2288a55435a54d36d92a6e35f9c67f083e69f7a5b7f",
    "addons/colorpicker_presets/colorpicker_presets.gd.uid": "6de9d910853fac83fd5105cef75adb65f93df51a535e16089885ac657a35f9c2",
    "addons/colorpicker_presets/plugin.cfg": "3f6ba79c13604db8fa18ab00eadf68eea6c92d8e422172c240c7c349ff812425",
    "addons/colorpicker_presets/presets.gpl": "07420dfb8a4869f820f77ae14f878bb315278ab5f407aa5d20dfc899ce213242",
    "addons/colorpicker_presets/readme/.gdignore": "e3b0c44298fc1c149afbf4c8996fb92427ae41e4649b934ca495991b7852b855",
    "addons/colorpicker_presets/readme/colorpicker_presets.png": "eb8da1458a6692647275f0dda44790832a8898a32537dc44f9ed4133e5f70759",
    "addons/colorpicker_presets/readme/install_project_settings.png": "47a9dfcb4f7d316c896e196da4edbedc49eea1af87fd810875c14e34b6b3fcd7",
    "bullet_2d.gd": "985a887bc8bbbcc0f8c878111500986fa5af0e405eaf45139637f586e7855cc3",
    "bullet_2d.gd.uid": "e876d6b550453079e908baf553e3b9af8ccfef2da3db277e20ffbcb4127646ff",
    "bullet_2d.tscn": "c33db52f1c4857b26693316a8df54f471720209e7553c63b59e0a7b439017084",
    "characters/ground_shadow.png": "862c3804bd457690111069c188d6a4904fbe423e9ce1a290b6a4b747643f27d4",
    "characters/ground_shadow.png.import": "41e784775413fd4caa60996be94e1b0e0c27aa36b7ffe686ff477630efa5d60e",
    "characters/happy_boo/happy_boo.gd": "db323f10c3ddad89af4495e048b41873ec75e9a060ee32184f7e4de62b0bfcf9",
    "characters/happy_boo/happy_boo.gd.uid": "0e3595bd4d1446e01075c251d9ea59174ba208ff228dc2b31f12fdae09958a66",
    "characters/happy_boo/happy_boo.tscn": "fc4299b6a7343f322c59702ca527cd09b89d618120824805d003d296c9c7144c",
    "characters/happy_boo/square_body.png": "9e30032f4747051e7e66c4d90f994d711a23af695e3532088a9162487c4350d3",
    "characters/happy_boo/square_body.png.import": "7f78c5c23a0b740eccf3ad039fc3a7c1a0383016c674309a336a01d12484c1ba",
    "characters/happy_boo/square_face.png": "4a53b233f320182f2de5c580d85fc449bfd83cb0e1a6db2ce4176ef1d68e28fb",
    "characters/happy_boo/square_face.png.import": "224abf76ab83acbaa810eb4e7e53e69035e073c1ee12bcfc1a2b975a24f7c777",
    "characters/happy_boo/square_foot.png": "4d6d078c5e90aa530086642a34d611b3b3087f7e8f01ba8b9af3d6a430adc7b8",
    "characters/happy_boo/square_foot.png.import": "376de22044cbc20b4ecb1a07fd6e69b915bd26bab35682ecf1ff7e87ecbf4166",
    "characters/happy_boo/square_lower_leg.png": "3662eb239045add8c13ecc17921b35ef6a899cbd0b362ec8fc8933502d73f425",
    "characters/happy_boo/square_lower_leg.png.import": "c6a704dec134989f5023a1934eb53302286837da70949c163ff1656aceddfb74",
    "characters/happy_boo/square_modification_stack.tres": "8d44db9a5bb56be1c1322c6c736cdef8d42dd8ace418a49216a40ca4c72c9173",
    "characters/happy_boo/square_ref.png": "32c98a4850bff1d71d1d6197ae5f6b074f685b4c8d297269798a372b6dd3e3f1",
    "characters/happy_boo/square_ref.png.import": "1c74b7c79a60e83f4aaabd99e8fe271c0bea673fc18a865781f595dd5ebfd486",
    "characters/happy_boo/square_upper_leg.png": "0a76932b8e6be4c00c3573047cd11dee86a777be411c520f633b8b1000a12757",
    "characters/happy_boo/square_upper_leg.png.import": "c46a0d6cb89c9333c63909574be156caaf0c059a2cc05fceffd923485d14c790",
    "characters/slime/slime.gd": "9b1acd469f5e5a2b04ef0c2015d2eafa20a1252272ed09747f7da0a0edf230e6",
    "characters/slime/slime.gd.uid": "cdff2b26557223c000b800b6da24c1707bc687b0ed7f5862bc9c740be7b31cbd",
    "characters/slime/slime.tscn": "f74131acb1b23d0f57b681bcce984063de90a88ca5a6e6432d9870e3b5940358",
    "characters/slime/slime_body.png": "274027413749624f60bbd0dea472984346820f004e0a0ebe420b777c2314da99",
    "characters/slime/slime_body.png.import": "c517a5d9225996f2ff95b8b3f4f0084493f608a81e7c23cbba4e3bd6f346ad58",
    "characters/slime/slime_body_hurt.png": "88dc0f67009e761fbab656a333932ca2be6547e2ccdea6cf0678aa6edc8a696b",
    "characters/slime/slime_body_hurt.png.import": "ce5539eb80e34fa19c00895dc45b088ddbb96c8ab9bc2325200b4701b7d76e1b",
    "characters/slime/slime_face.png": "3ad88606b80b4db3ab02996128f63d0661692cba6499ce34b1f86ba86419abc8",
    "characters/slime/slime_face.png.import": "7647196cd649ca5b347c228311040c1c552ffeed8c27c95ba018dc09d8d73bef",
    "characters/slime/slime_hurt_eyes.png": "0ae5dad288926e1c374ab7b97f417cbf735171172f44b0916c37826761300e5c",
    "characters/slime/slime_hurt_eyes.png.import": "52fe894ed0b81e4f8668859402d6862ce13c821fb92d4f11325d31a168b8ab1c",
    "default_bus_layout.tres": "b2cce8e8604201a31f312d00eedad08fecb1dcc317a3102f786e031c17dbedea",
    "game.gd": "b25bcb685307abd533e238bd7d9f8367f4133b0bdf823b7623b036aca423933b",
    "game.gd.uid": "6f437ebc575be16c6dda9bafc8766fc4dc5cecf80b50f2ef6f469c5175c33648",
    "gun.gd": "045fe45ac613295a4808bf86cd26f3a079014fc244521a7a1f2ff8077d877fa6",
    "gun.gd.uid": "889a5687453227455dc64acb7fbc07c17eb24d37b334602721fcfa5976476868",
    "gun.tscn": "89278374374038352d4100325e325cbe99fe36e614ba5c4e0be4f27d132c4b1f",
    "icon.png": "b63689827369d23d47cb50cefd8676a46b8299278d1cc769445230456e12f38d",
    "icon.png.import": "d4fb7c0b1c91cac6afbca4b6d2a78f44fbeb768732a1ccfc588c0cb8ff42635c",
    "mob.gd": "eba70d6aa2a0fb4d091135ec9c6b603e94a0146d5ecce6e9f9f7bbbce927b4ff",
    "mob.gd.uid": "639c1bd411af85d51a8cb5f399fc6c4bc34e7d7fc79f6cd34000dc5068a5092a",
    "mob.tscn": "be5d7b740f0a66ff4a734a6b878ed2a0f734716b5752b6e93f25eb4b0b2d0380",
    "pistol/impact/circle.png": "51eeb624b47d69c6235ac71650d851c0871237bc420179f5f5089761032b8ebb",
    "pistol/impact/circle.png.import": "0b0e97e52ed62d9839e777a500cf20ac6e94fb58bdcc204fc176de184346a782",
    "pistol/impact/impact.gd": "1336baa57794da1861471bd608273ca79519163441487e8469bce7320de3092a",
    "pistol/impact/impact.gd.uid": "df3d9ffd64ee6ea4f78f8f4529b7c0b9de7564446226400300efadadacbd787e",
    "pistol/impact/impact.tscn": "e6a8f26345529ddcf1c778eab691c6106c1dfd5ace8022f61ca6dd1f7439a548",
    "pistol/muzzle_flash/muzzle_flash.gd": "3a955ba87abb858713a5bc66d49aa5fa93619e541714286b34117b3e859422b8",
    "pistol/muzzle_flash/muzzle_flash.gd.uid": "67580c059a471fc8f3c8e24c7b16b85638b43bf7c2d758478d9e7d3b119b388d",
    "pistol/muzzle_flash/muzzle_flash.png": "3044d831f6f4069897ad6816b1ee0e2807cff788240767dc8f619f26c403a49a",
    "pistol/muzzle_flash/muzzle_flash.png.import": "5ca17034f3fbb1a7cb2115466520bb9258a4ff73cd4dbbca2347cfe19152868d",
    "pistol/muzzle_flash/muzzle_flash.tscn": "353de5b2bc001d68d43f0209fbdbf1d3b4e92d2d3a3d6f37422d5ef916782aec",
    "pistol/pistol.png": "75b5ed73ac397ac2fc27b65baac130c412faec8cf8738d326dc849cd7f49ed6a",
    "pistol/pistol.png.import": "1abefa242b4e0e179e4968a78e74c74989feadaf8dd8f874f8aff9610c0459e9",
    "pistol/projectile.png": "268185780232e78154604e8dd73e48356166453ec334bd72e04efe5ccef01108",
    "pistol/projectile.png.import": "e49b68d917c2089a263deb9326eb0ee6a4a4e3f87f62894cdd69042f86e04c60",
    "player.gd": "02f76ec1e34bb6b15c035e277c1b51b4c7eecad97f775ee396e2d65b3b8c5d28",
    "player.gd.uid": "fe2885f423956798b541ee47f096d7edfcd2ae8bbf7cd8df4364cadd52753b32",
    "player.tscn": "777cb29cb62677a493f5bbb9ab59fd97642cf333e89fb90a61dcebd1369b417a",
    "project.godot": "2f1fdd993b3cb10f1ee9405eadc94693d60cbdaceda9fab307e55ea255bdeaa8",
    "smoke_explosion/circle_32.png": "5f27bce9a24fcb9263b8dbe0333459c4296cf82f318c50d07ab615989f1a1bf2",
    "smoke_explosion/circle_32.png.import": "de64beb8cce65d5e14d748857d4ae5b5b4e7cf03337b86e17dca6cf926ce289e",
    "smoke_explosion/smoke_explosion.gd": "56852bfc5e3eed3490b8a01721e5a1f556631cc504f2bd659761d8ae9aad33a7",
    "smoke_explosion/smoke_explosion.gd.uid": "6ec1d94e0f440e63177f9066b0298f5f746caacd0701d88226a38d7a2c33bfce",
    "smoke_explosion/smoke_explosion.gdshader": "6309054115d483a23dcb3345451a387cfac07292a3d80a79b5e701334748a3ba",
    "smoke_explosion/smoke_explosion.gdshader.uid": "895d84c3ba2084d6583988950b0bef986233254d6c98447ebb5f3a4c7a230b11",
    "smoke_explosion/smoke_explosion.tscn": "7bf157eaf1ff9f651cc4de7eafa30c1efbc6291cfe2a94b8c2165831fb85f7c2",
    "survivors_game.tscn": "16faccdf9590837543519361ef0f43f11c230ebb0405f9c5b356e455a723c6ae",
    "trees/pine_tree.png": "6c22c45a425eb8af2909fd105345991813dc82a30bb5c454d41c0463e447fef7",
    "trees/pine_tree.png.import": "002a494d5a93e569c5cbc69fba4d4de3e70f8cd431dfd8b87377d46a3cfead0d",
    "trees/pine_tree.tscn": "df7c041070248fa53ca176125ca6a2ee341ed4724f56573296beeb01d4300123"
  }
}
