{
  "id": "your-first-2d-game-with-godot-4-start-gdquest",
  "upstreams": [
    {
      "repo": "https://github.com/gdquest-demos/getting-started-with-godot-4",
      "commit": "940f23e54e0207cc1135c2f6dc7fdd1ce5b52127",
      "branch": "main",
      "upstream_path": "starter-files/2d-project-start",
      "license": "MIT AND CC-BY-NC-SA-4.0",
      "license_file": "LICENSE",
      "retrieved": "2026-09-28",
      "vendored_into": ".",
      "vendored_paths": [
        "starter-files/2d-project-start",
        "LICENSE"
      ],
      "note": "Your First 2D Game With Godot 4: START (GDQuest) (starter-files/2d-project-start/ in getting-started-with-godot-4), a Godot 4 analysis fixture. WHY THIS PIN: `main` head of gdquest-demos/getting-started-with-godot-4 at retrieval (940f23e5, 2026-05-16). The repository holds FOUR Godot projects (2d-project-completed, 3d-project-completed, starter-files/2d-project-start, starter-files/3d-project-assets); each is staged as its own fixture and the siblings are out of scope here, not exclusions. The 2D tutorial's starting project (assets and a few prepared scenes, before the tutorial's code); project.godot reads config_version=5, features \"4.6\". ID: config/name \"Your First 2D Game With Godot 4: START (GDQuest)\" kebab-cased; no collision. LICENSE (repository root, vendored at the fixture root): dual terms, MIT for source code, scenes, shaders and Godot-generated resources (Copyright (c) 2023-present GDQuest) and CC-BY-NC-SA-4.0 for art assets (textures, 3D models), full CC text included. The owner ruled 2026-09-28 that CC licenses including NC and SA are acceptable for benchmarking, which lifts the earlier rejection; the NC/SA terms still bind any redistribution of the art. SECURITY (static read, nothing executed): ONE finding: addons/colorpicker_presets/colorpicker_presets.gd is a @tool EditorPlugin ENABLED in project.godot [editor_plugins]; it would run inside the Godot editor on open. Read in full: _enter_tree() opens the sibling presets.gpl READ-only from res://, parses GIMP-palette RGB triples and writes them to the editor's project metadata (color_picker/presets). No process, shell, network, file write or dynamic code. Judged benign; kept because it is the upstream project and the analyzer never opens the editor. Otherwise: no OS.execute/shell_open, no network API, no GDScript.new/set_source_code, no .gdextension, no native blob, no C# (project.godot's [dotnet] assembly_name is a default key with no .cs/.csproj anywhere). Cloned 2026-09-28 with `git -c core.hooksPath=/dev/null clone --depth 1`, no submodules; bytes vendored from `git cat-file blob` at the pin and re-read from disk, 0 mismatches. File modes are not carried (all staged 0644).",
      "excluded_from_upstream": {
        "rule": "The whole `starter-files/2d-project-start/` tree is vendored at the fixture root, plus the repository-root LICENSE. Excluded are the repository-root files outside every project (listed).",
        "why": "Nothing inside the Godot project is dropped; no `.godot/` cache, native binary, .gdextension or C# is tracked. Exclusions:\n- repository-root .gitignore (the repository's, not the project's) (1 file, 62 bytes)\n- repository-root README.md: links to the tutorials only, carries no terms (1 file, 524 bytes)\n- repository build tooling outside every Godot project (Deno build script build.ts, deno.jsonc, deno.lock); never executed (3 files, 5,796 bytes)",
        "file_count": 5,
        "bytes": 6382,
        "paths": [
          ".gitignore",
          "README.md",
          "build.ts",
          "deno.jsonc",
          "deno.lock"
        ]
      }
    }
  ],
  "vendored_file_count": 65,
  "vendored_bytes": 240911,
  "sha256_manifest": {
    "LICENSE": "c298531e638430618d5f68ca9e1be23d3e6510173aa764068c3f7e3fcf25d140",
    "addons/colorpicker_presets/README.md": "9fcea88b220d18055dfa5bd3ce4db8aceec10c2035295f22eab01cf81e9bf9c8",
    "addons/colorpicker_presets/colorpicker_presets.gd": "cd1fa4068aa39c37c9dbb2288a55435a54d36d92a6e35f9c67f083e69f7a5b7f",
    "addons/colorpicker_presets/colorpicker_presets.gd.uid": "033bfb792d865879f7d13eafca9a5536a1be6cd665c26e7e01054eafff2e282c",
    "addons/colorpicker_presets/plugin.cfg": "3f6ba79c13604db8fa18ab00eadf68eea6c92d8e422172c240c7c349ff812425",
    "addons/colorpicker_presets/presets.gpl": "07420dfb8a4869f820f77ae14f878bb315278ab5f407aa5d20dfc899ce213242",
    "addons/colorpicker_presets/readme/.gdignore": "e3b0c44298fc1c149afbf4c8996fb92427ae41e4649b934ca495991b7852b855",
    "addons/colorpicker_presets/readme/colorpicker_presets.png": "eb8da1458a6692647275f0dda44790832a8898a32537dc44f9ed4133e5f70759",
    "addons/colorpicker_presets/readme/install_project_settings.png": "47a9dfcb4f7d316c896e196da4edbedc49eea1af87fd810875c14e34b6b3fcd7",
    "characters/ground_shadow.png": "862c3804bd457690111069c188d6a4904fbe423e9ce1a290b6a4b747643f27d4",
    "characters/ground_shadow.png.import": "41e784775413fd4caa60996be94e1b0e0c27aa36b7ffe686ff477630efa5d60e",
    "characters/happy_boo/happy_boo.gd": "db323f10c3ddad89af4495e048b41873ec75e9a060ee32184f7e4de62b0bfcf9",
    "characters/happy_boo/happy_boo.gd.uid": "f915dbd7b461f2e0742aecda2268586d321063b01f47d64c77841abe2b3ed4dd",
    "characters/happy_boo/happy_boo.tscn": "e2ef5e4807260d8b2e106c6ba78dad5d182b9b2ff2ebe183660d5cde739b78c6",
    "characters/happy_boo/square_body.png": "9e30032f4747051e7e66c4d90f994d711a23af695e3532088a9162487c4350d3",
    "characters/happy_boo/square_body.png.import": "7f78c5c23a0b740eccf3ad039fc3a7c1a0383016c674309a336a01d12484c1ba",
    "characters/happy_boo/square_face.png": "4a53b233f320182f2de5c580d85fc449bfd83cb0e1a6db2ce4176ef1d68e28fb",
    "characters/happy_boo/square_face.png.import": "224abf76ab83acbaa810eb4e7e53e69035e073c1ee12bcfc1a2b975a24f7c777",
    "characters/happy_boo/square_foot.png": "4d6d078c5e90aa530086642a34d611b3b3087f7e8f01ba8b9af3d6a430adc7b8",
    "characters/happy_boo/square_foot.png.import": "376de22044cbc20b4ecb1a07fd6e69b915bd26bab35682ecf1ff7e87ecbf4166",
    "characters/happy_boo/square_lower_leg.png": "3662eb239045add8c13ecc17921b35ef6a899cbd0b362ec8fc8933502d73f425",
    "characters/happy_boo/square_lower_leg.png.import": "c6a704dec134989f5023a1934eb53302286837da70949c163ff1656aceddfb74",
    "characters/happy_boo/square_modification_stack.tres": "8d44db9a5bb56be1c1322c6c736cdef8d42dd8ace418a49216a40ca4c72c9173",
    "characters/happy_boo/square_ref.png": "32c98a4850bff1d71d1d6197ae5f6b074f685b4c8d297269798a372b6dd3e3f1",
    "characters/happy_boo/square_ref.png.import": "1c74b7c79a60e83f4aaabd99e8fe271c0bea673fc18a865781f595dd5ebfd486",
    "characters/happy_boo/square_upper_leg.png": "0a76932b8e6be4c00c3573047cd11dee86a777be411c520f633b8b1000a12757",
    "characters/happy_boo/square_upper_leg.png.import": "c46a0d6cb89c9333c63909574be156caaf0c059a2cc05fceffd923485d14c790",
    "characters/slime/slime.gd": "9b1acd469f5e5a2b04ef0c2015d2eafa20a1252272ed09747f7da0a0edf230e6",
    "characters/slime/slime.gd.uid": "5ad3187221e01d19806e5da64aa392a8accd6606bdda5df9b837406989b4cd04",
    "characters/slime/slime.tscn": "632cbfd0a7d7f945fb59bbc07bba22ad39eeaffc446829bca4128e022d8ae559",
    "characters/slime/slime_body.png": "274027413749624f60bbd0dea472984346820f004e0a0ebe420b777c2314da99",
    "characters/slime/slime_body.png.import": "c517a5d9225996f2ff95b8b3f4f0084493f608a81e7c23cbba4e3bd6f346ad58",
    "characters/slime/slime_body_hurt.png": "88dc0f67009e761fbab656a333932ca2be6547e2ccdea6cf0678aa6edc8a696b",
    "characters/slime/slime_body_hurt.png.import": "ce5539eb80e34fa19c00895dc45b088ddbb96c8ab9bc2325200b4701b7d76e1b",
    "characters/slime/slime_face.png": "3ad88606b80b4db3ab02996128f63d0661692cba6499ce34b1f86ba86419abc8",
    "characters/slime/slime_face.png.import": "7647196cd649ca5b347c228311040c1c552ffeed8c27c95ba018dc09d8d73bef",
    "characters/slime/slime_hurt_eyes.png": "0ae5dad288926e1c374ab7b97f417cbf735171172f44b0916c37826761300e5c",
    "characters/slime/slime_hurt_eyes.png.import": "52fe894ed0b81e4f8668859402d6862ce13c821fb92d4f11325d31a168b8ab1c",
    "default_bus_layout.tres": "b2cce8e8604201a31f312d00eedad08fecb1dcc317a3102f786e031c17dbedea",
    "icon.png": "b63689827369d23d47cb50cefd8676a46b8299278d1cc769445230456e12f38d",
    "icon.png.import": "cc4c267e39b7e0f1b35c3de8da2f180071bd37c05f6d787c1e8138a4f2299d3a",
    "pistol/impact/circle.png": "51eeb624b47d69c6235ac71650d851c0871237bc420179f5f5089761032b8ebb",
    "pistol/impact/circle.png.import": "0b0e97e52ed62d9839e777a500cf20ac6e94fb58bdcc204fc176de184346a782",
    "pistol/impact/impact.gd": "1336baa57794da1861471bd608273ca79519163441487e8469bce7320de3092a",
    "pistol/impact/impact.gd.uid": "22cf95b3c2d0d945812987b6d35021bdea1d8a38f4c77c8e3bb5df6879709d81",
    "pistol/impact/impact.tscn": "0b50de052bb87ca0353a14e6ed6ac285f551e0235c7095fdc7fbe7fc6cdf490a",
    "pistol/muzzle_flash/muzzle_flash.gd": "3a955ba87abb858713a5bc66d49aa5fa93619e541714286b34117b3e859422b8",
    "pistol/muzzle_flash/muzzle_flash.gd.uid": "1717df2ac1928dc67b282f82f377601f92bdc73d53ec197a0d638483b53a0130",
    "pistol/muzzle_flash/muzzle_flash.png": "3044d831f6f4069897ad6816b1ee0e2807cff788240767dc8f619f26c403a49a",
    "pistol/muzzle_flash/muzzle_flash.png.import": "5ca17034f3fbb1a7cb2115466520bb9258a4ff73cd4dbbca2347cfe19152868d",
    "pistol/muzzle_flash/muzzle_flash.tscn": "5ae8b4bb2f8ac78ccfb1ef2721f295a22747bdcb0e8ddc567306c06229bd6e2d",
    "pistol/pistol.png": "75b5ed73ac397ac2fc27b65baac130c412faec8cf8738d326dc849cd7f49ed6a",
    "pistol/pistol.png.import": "1abefa242b4e0e179e4968a78e74c74989feadaf8dd8f874f8aff9610c0459e9",
    "pistol/projectile.png": "268185780232e78154604e8dd73e48356166453ec334bd72e04efe5ccef01108",
    "pistol/projectile.png.import": "e49b68d917c2089a263deb9326eb0ee6a4a4e3f87f62894cdd69042f86e04c60",
    "project.godot": "314908a59c5c48584e7afebd82a495d252e85a40e12e958dd76110f5563faf30",
    "smoke_explosion/circle_32.png": "5f27bce9a24fcb9263b8dbe0333459c4296cf82f318c50d07ab615989f1a1bf2",
    "smoke_explosion/circle_32.png.import": "de64beb8cce65d5e14d748857d4ae5b5b4e7cf03337b86e17dca6cf926ce289e",
    "smoke_explosion/smoke_explosion.gd": "56852bfc5e3eed3490b8a01721e5a1f556631cc504f2bd659761d8ae9aad33a7",
    "smoke_explosion/smoke_explosion.gd.uid": "bb3669b1f6fcf5c40614d602c8ceb8afcfc104af73e7c80e9fc667e2ebd3c75b",
    "smoke_explosion/smoke_explosion.gdshader": "6309054115d483a23dcb3345451a387cfac07292a3d80a79b5e701334748a3ba",
    "smoke_explosion/smoke_explosion.gdshader.uid": "497fb6a7d853873f75ee5dffdb6d550f9cb1392c5552bc1c6c758fd16ff311a7",
    "smoke_explosion/smoke_explosion.tscn": "412ce433036c3bee999cca7c43e26b448a733f25e2aee61ebbacde344218b249",
    "trees/pine_tree.png": "6c22c45a425eb8af2909fd105345991813dc82a30bb5c454d41c0463e447fef7",
    "trees/pine_tree.png.import": "002a494d5a93e569c5cbc69fba4d4de3e70f8cd431dfd8b87377d46a3cfead0d"
  }
}
